
Microsoft Visual Studio Solution File, Format Version 12.00
# Visual Studio Version 17
VisualStudioVersion = 17.5.33530.505
MinimumVisualStudioVersion = 10.0.40219.1
Project("{9A19103F-16F7-4668-BE54-9A1E7A4F7556}") = "IceRpc.Retry.Examples", "IceRpc.Retry.Examples\IceRpc.Retry.Examples.csproj", "{9C060E27-E239-406E-B921-A0333E67146D}"
EndProject
Project("{9A19103F-16F7-4668-BE54-9A1E7A4F7556}") = "IceRpc.Deadline.Examples", "IceRpc.Deadline.Examples\IceRpc.Deadline.Examples.csproj", "{59BCBB28-74D1-4CA9-964E-42BB3CBB1E24}"
EndProject
Project("{9A19103F-16F7-4668-BE54-9A1E7A4F7556}") = "IceRpc.Extensions.DependencyInjection.Examples", "IceRpc.Extensions.DependencyInjection.Examples\IceRpc.Extensions.DependencyInjection.Examples.csproj", "{1EB195D9-B621-402F-ADB2-E94ECDFCF4F1}"
EndProject
Project("{9A19103F-16F7-4668-BE54-9A1E7A4F7556}") = "IceRpc.Logger.Examples", "IceRpc.Logger.Examples\IceRpc.Logger.Examples.csproj", "{98B56694-A4EB-4684-99E1-C8CDECDAE8A7}"
EndProject
Project("{9A19103F-16F7-4668-BE54-9A1E7A4F7556}") = "IceRpc.Metrics.Examples", "IceRpc.Metrics.Examples\IceRpc.Metrics.Examples.csproj", "{553AE41F-FBD4-41F4-A51A-8495FE0FC447}"
EndProject
Project("{9A19103F-16F7-4668-BE54-9A1E7A4F7556}") = "IceRpc.Telemetry.Examples", "IceRpc.Telemetry.Examples\IceRpc.Telemetry.Examples.csproj", "{8DCC288C-6388-4E82-88D2-59F4272CA643}"
EndProject
Project("{9A19103F-16F7-4668-BE54-9A1E7A4F7556}") = "IceRpc.Compressor.Examples", "IceRpc.Compressor.Examples\IceRpc.Compressor.Examples.csproj", "{C605475E-7E12-4F56-A309-DB40A6047E76}"
EndProject
Global
	GlobalSection(SolutionConfigurationPlatforms) = preSolution
		Debug|Any CPU = Debug|Any CPU
		Release|Any CPU = Release|Any CPU
	EndGlobalSection
	GlobalSection(ProjectConfigurationPlatforms) = postSolution
		{9C060E27-E239-406E-B921-A0333E67146D}.Debug|Any CPU.ActiveCfg = Debug|Any CPU
		{9C060E27-E239-406E-B921-A0333E67146D}.Debug|Any CPU.Build.0 = Debug|Any CPU
		{9C060E27-E239-406E-B921-A0333E67146D}.Release|Any CPU.ActiveCfg = Release|Any CPU
		{9C060E27-E239-406E-B921-A0333E67146D}.Release|Any CPU.Build.0 = Release|Any CPU
		{59BCBB28-74D1-4CA9-964E-42BB3CBB1E24}.Debug|Any CPU.ActiveCfg = Debug|Any CPU
		{59BCBB28-74D1-4CA9-964E-42BB3CBB1E24}.Debug|Any CPU.Build.0 = Debug|Any CPU
		{59BCBB28-74D1-4CA9-964E-42BB3CBB1E24}.Release|Any CPU.ActiveCfg = Release|Any CPU
		{59BCBB28-74D1-4CA9-964E-42BB3CBB1E24}.Release|Any CPU.Build.0 = Release|Any CPU
		{1EB195D9-B621-402F-ADB2-E94ECDFCF4F1}.Debug|Any CPU.ActiveCfg = Debug|Any CPU
		{1EB195D9-B621-402F-ADB2-E94ECDFCF4F1}.Debug|Any CPU.Build.0 = Debug|Any CPU
		{1EB195D9-B621-402F-ADB2-E94ECDFCF4F1}.Release|Any CPU.ActiveCfg = Release|Any CPU
		{1EB195D9-B621-402F-ADB2-E94ECDFCF4F1}.Release|Any CPU.Build.0 = Release|Any CPU
		{98B56694-A4EB-4684-99E1-C8CDECDAE8A7}.Debug|Any CPU.ActiveCfg = Debug|Any CPU
		{98B56694-A4EB-4684-99E1-C8CDECDAE8A7}.Debug|Any CPU.Build.0 = Debug|Any CPU
		{98B56694-A4EB-4684-99E1-C8CDECDAE8A7}.Release|Any CPU.ActiveCfg = Release|Any CPU
		{98B56694-A4EB-4684-99E1-C8CDECDAE8A7}.Release|Any CPU.Build.0 = Release|Any CPU
		{553AE41F-FBD4-41F4-A51A-8495FE0FC447}.Debug|Any CPU.ActiveCfg = Debug|Any CPU
		{553AE41F-FBD4-41F4-A51A-8495FE0FC447}.Debug|Any CPU.Build.0 = Debug|Any CPU
		{553AE41F-FBD4-41F4-A51A-8495FE0FC447}.Release|Any CPU.ActiveCfg = Release|Any CPU
		{553AE41F-FBD4-41F4-A51A-8495FE0FC447}.Release|Any CPU.Build.0 = Release|Any CPU
		{8DCC288C-6388-4E82-88D2-59F4272CA643}.Debug|Any CPU.ActiveCfg = Debug|Any CPU
		{8DCC288C-6388-4E82-88D2-59F4272CA643}.Debug|Any CPU.Build.0 = Debug|Any CPU
		{8DCC288C-6388-4E82-88D2-59F4272CA643}.Release|Any CPU.ActiveCfg = Release|Any CPU
		{8DCC288C-6388-4E82-88D2-59F4272CA643}.Release|Any CPU.Build.0 = Release|Any CPU
		{C605475E-7E12-4F56-A309-DB40A6047E76}.Debug|Any CPU.ActiveCfg = Debug|Any CPU
		{C605475E-7E12-4F56-A309-DB40A6047E76}.Debug|Any CPU.Build.0 = Debug|Any CPU
		{C605475E-7E12-4F56-A309-DB40A6047E76}.Release|Any CPU.ActiveCfg = Release|Any CPU
		{C605475E-7E12-4F56-A309-DB40A6047E76}.Release|Any CPU.Build.0 = Release|Any CPU
	EndGlobalSection
	GlobalSection(SolutionProperties) = preSolution
		HideSolutionNode = FALSE
	EndGlobalSection
	GlobalSection(ExtensibilityGlobals) = postSolution
		SolutionGuid = {E3341B6F-6AA6-485E-B096-0BB1AE7E3641}
	EndGlobalSection
EndGlobal
