{
  "version": 1,
  "dependencies": {
    "net10.0": {
      "coverlet.collector": {
        "type": "Direct",
        "requested": "[6.0.4, )",
        "resolved": "6.0.4",
        "contentHash": "lkhqpF8Pu2Y7IiN7OntbsTtdbpR1syMsm2F3IgX6ootA4ffRqWL5jF7XipHuZQTdVuWG/gVAAcf8mjk8Tz0xPg=="
      },
      "Microsoft.NET.Test.Sdk": {
        "type": "Direct",
        "requested": "[18.0.1, )",
        "resolved": "18.0.1",
        "contentHash": "WNpu6vI2rA0pXY4r7NKxCN16XRWl5uHu6qjuyVLoDo6oYEggIQefrMjkRuibQHm/NslIUNCcKftvoWAN80MSAg==",
        "dependencies": {
          "Microsoft.CodeCoverage": "18.0.1",
          "Microsoft.TestPlatform.TestHost": "18.0.1"
        }
      },
      "NUnit": {
        "type": "Direct",
        "requested": "[4.4.0, )",
        "resolved": "4.4.0",
        "contentHash": "7IWJcT9xWNhG9dEGdgAWdH6maCE0eVbeVnizvXACKbAyxbjoJ9+WaEb8qsCTJi3hsb18AJBtoqvWa3G7YYUQfw=="
      },
      "NUnit.Analyzers": {
        "type": "Direct",
        "requested": "[4.11.2, )",
        "resolved": "4.11.2",
        "contentHash": "D9w1tsxMyBAsINY2yyIaS59V9W4iGtuPyHs+9enuhmDAaCsSOitJKha4TUPENCAd2LrylCawur0YhCJoLMHBJA=="
      },
      "NUnit3TestAdapter": {
        "type": "Direct",
        "requested": "[5.2.0, )",
        "resolved": "5.2.0",
        "contentHash": "EyXccnlnvktvDot81n0qStquYhk0iMDY9d91kjdoc5oUEXMsxwPFNbA9H6PRMZUm4elobsFM9tt7HOS7W30mlA==",
        "dependencies": {
          "Microsoft.Testing.Extensions.VSTestBridge": "1.9.0",
          "Microsoft.Testing.Platform.MSBuild": "1.9.0"
        }
      },
      "Dunet": {
        "type": "Transitive",
        "resolved": "1.11.3",
        "contentHash": "xve1qb4EfUFLnoluZlDlfByd2wm/dQnuPF42hcWD4TbK0q4UD8jQNWIXvdG90972sOpjDKn6fMf2fCyOOyPX3g=="
      },
      "Microsoft.ApplicationInsights": {
        "type": "Transitive",
        "resolved": "2.23.0",
        "contentHash": "nWArUZTdU7iqZLycLKWe0TDms48KKGE6pONH2terYNa8REXiqixrMOkf1sk5DHGMaUTqONU2YkS4SAXBhLStgw=="
      },
      "Microsoft.CodeCoverage": {
        "type": "Transitive",
        "resolved": "18.0.1",
        "contentHash": "O+utSr97NAJowIQT/OVp3Lh9QgW/wALVTP4RG1m2AfFP4IyJmJz0ZBmFJUsRQiAPgq6IRC0t8AAzsiPIsaUDEA=="
      },
      "Microsoft.Testing.Extensions.Telemetry": {
        "type": "Transitive",
        "resolved": "1.9.0",
        "contentHash": "4ica7o+ZreUCsXoQLShWeLz6K5q9D/B+VgXvmpPSLsnSpK4DLZfMyltBaBr83Tnm21c1riOKcXXEk920Ael17Q==",
        "dependencies": {
          "Microsoft.ApplicationInsights": "2.23.0",
          "Microsoft.Testing.Platform": "1.9.0"
        }
      },
      "Microsoft.Testing.Extensions.TrxReport.Abstractions": {
        "type": "Transitive",
        "resolved": "1.9.0",
        "contentHash": "ZC7Xwva/+dREnZ5BU0gozA1uT2cFwt90uY9maPLy1lLpiedR/Fu3K2FiwLg70hJjT+tGblYmxzuNa8z1jQVSGw==",
        "dependencies": {
          "Microsoft.Testing.Platform": "1.9.0"
        }
      },
      "Microsoft.Testing.Extensions.VSTestBridge": {
        "type": "Transitive",
        "resolved": "1.9.0",
        "contentHash": "g5WN9QEMaEkdnWqouF6EsK46pX1vHmekQyOlehDtNl5e8PXu1ZffCqVKM74pQsh7HfCb3FKjzoZUrUJB9E75zQ==",
        "dependencies": {
          "Microsoft.TestPlatform.AdapterUtilities": "17.13.0",
          "Microsoft.TestPlatform.ObjectModel": "17.13.0",
          "Microsoft.Testing.Extensions.Telemetry": "1.9.0",
          "Microsoft.Testing.Extensions.TrxReport.Abstractions": "1.9.0",
          "Microsoft.Testing.Platform": "1.9.0"
        }
      },
      "Microsoft.Testing.Platform": {
        "type": "Transitive",
        "resolved": "1.9.0",
        "contentHash": "OE79Vc5rXwFYciAPY/mqv92XvdhK+pvCHdVHcS0bBpWwWQbnzI18FiSEEYY+lYpB0HHl0fDQgcCK3ZTYKGs8bA=="
      },
      "Microsoft.Testing.Platform.MSBuild": {
        "type": "Transitive",
        "resolved": "1.9.0",
        "contentHash": "P7c0HfBJ/AqKyRfmaA+cyl8I9jxDEyvQRJvMUH5IZCjACTPQ9wXb0xdA0CmcxhBUtm20GxWvx2fq3fMxG11hDg==",
        "dependencies": {
          "Microsoft.Testing.Platform": "1.9.0"
        }
      },
      "Microsoft.TestPlatform.AdapterUtilities": {
        "type": "Transitive",
        "resolved": "17.13.0",
        "contentHash": "bFZ3uAhosdXjyXKURDQy37fPosCJQwedB5DG/SzsXL1QXsrfsIYty2kQMqCRRUqm8sBZBRHWRp4BT9SmpWXcKQ=="
      },
      "Microsoft.TestPlatform.ObjectModel": {
        "type": "Transitive",
        "resolved": "18.0.1",
        "contentHash": "qT/mwMcLF9BieRkzOBPL2qCopl8hQu6A1P7JWAoj/FMu5i9vds/7cjbJ/LLtaiwWevWLAeD5v5wjQJ/l6jvhWQ=="
      },
      "Microsoft.TestPlatform.TestHost": {
        "type": "Transitive",
        "resolved": "18.0.1",
        "contentHash": "uDJKAEjFTaa2wHdWlfo6ektyoh+WD4/Eesrwb4FpBFKsLGehhACVnwwTI4qD3FrIlIEPlxdXg3SyrYRIcO+RRQ==",
        "dependencies": {
          "Microsoft.TestPlatform.ObjectModel": "18.0.1",
          "Newtonsoft.Json": "13.0.3"
        }
      },
      "Newtonsoft.Json": {
        "type": "Transitive",
        "resolved": "13.0.3",
        "contentHash": "HrC5BXdl00IP9zeV+0Z848QWPAoCr9P3bDEZguI+gkLcBKAOxix/tLEAAHC+UvDNPv4a2d18lOReHMOagPa+zQ=="
      },
      "a": {
        "type": "Project",
        "dependencies": {
          "ZeroC.Slice": "[0.5.0-preview.1, )"
        }
      },
      "b": {
        "type": "Project",
        "dependencies": {
          "A": "[0.5.0-preview.1, )",
          "ZeroC.Slice": "[0.5.0-preview.1, )"
        }
      },
      "c": {
        "type": "Project",
        "dependencies": {
          "A": "[0.5.0-preview.1, )",
          "ZeroC.Slice": "[0.5.0-preview.1, )"
        }
      },
      "d": {
        "type": "Project",
        "dependencies": {
          "B": "[0.5.0-preview.1, )",
          "C": "[0.5.0-preview.1, )",
          "ZeroC.Slice": "[0.5.0-preview.1, )"
        }
      },
      "dprime": {
        "type": "Project",
        "dependencies": {
          "B": "[0.5.0-preview.1, )",
          "C": "[0.5.0-preview.1, )",
          "ZeroC.Slice": "[0.5.0-preview.1, )"
        }
      },
      "zeroc.slice": {
        "type": "Project",
        "dependencies": {
          "dunet": "[1.11.3, )"
        }
      }
    }
  }
}