
Microsoft Visual Studio Solution File, Format Version 12.00
# Visual Studio Version 17
VisualStudioVersion = 17.4.33122.133
MinimumVisualStudioVersion = 10.0.40219.1
Project("{9A19103F-16F7-4668-BE54-9A1E7A4F7556}") = "Client", "Client\Client.csproj", "{0A947EDF-5644-41CA-BAB0-E37E08FBB67F}"
EndProject
Project("{9A19103F-16F7-4668-BE54-9A1E7A4F7556}") = "Server", "Server\Server.csproj", "{951776F5-5C1F-4DF5-8F0D-043035E216F3}"
EndProject
Project("{2150E333-8FDC-42A3-9474-1A3956D46DE8}") = "Solution Items", "Solution Items", "{F6C34BC5-B23B-445E-A22C-63283FB10D7E}"
	ProjectSection(SolutionItems) = preProject
		README.md = README.md
	EndProjectSection
EndProject
Global
	GlobalSection(SolutionConfigurationPlatforms) = preSolution
		Debug|Any CPU = Debug|Any CPU
		Release|Any CPU = Release|Any CPU
	EndGlobalSection
	GlobalSection(ProjectConfigurationPlatforms) = postSolution
		{0A947EDF-5644-41CA-BAB0-E37E08FBB67F}.Debug|Any CPU.ActiveCfg = Debug|Any CPU
		{0A947EDF-5644-41CA-BAB0-E37E08FBB67F}.Debug|Any CPU.Build.0 = Debug|Any CPU
		{0A947EDF-5644-41CA-BAB0-E37E08FBB67F}.Release|Any CPU.ActiveCfg = Release|Any CPU
		{0A947EDF-5644-41CA-BAB0-E37E08FBB67F}.Release|Any CPU.Build.0 = Release|Any CPU
		{951776F5-5C1F-4DF5-8F0D-043035E216F3}.Debug|Any CPU.ActiveCfg = Debug|Any CPU
		{951776F5-5C1F-4DF5-8F0D-043035E216F3}.Debug|Any CPU.Build.0 = Debug|Any CPU
		{951776F5-5C1F-4DF5-8F0D-043035E216F3}.Release|Any CPU.ActiveCfg = Release|Any CPU
		{951776F5-5C1F-4DF5-8F0D-043035E216F3}.Release|Any CPU.Build.0 = Release|Any CPU
	EndGlobalSection
	GlobalSection(SolutionProperties) = preSolution
		HideSolutionNode = FALSE
	EndGlobalSection
	GlobalSection(ExtensibilityGlobals) = postSolution
		SolutionGuid = {0DDC77C0-038F-4920-908E-D8FF900E26E4}
	EndGlobalSection
EndGlobal
