
Microsoft Visual Studio Solution File, Format Version 12.00
# Visual Studio Version 17
VisualStudioVersion = 17.0.32112.339
MinimumVisualStudioVersion = 15.0.26124.0
Project("{9A19103F-16F7-4668-BE54-9A1E7A4F7556}") = "IceRpc", "src\IceRpc\IceRpc.csproj", "{516D755E-DA02-41CE-95A5-23D54691B642}"
EndProject
Project("{2150E333-8FDC-42A3-9474-1A3956D46DE8}") = "tests", "tests", "{8AC71827-78FD-4A6C-97C7-3E4378AFB568}"
EndProject
Project("{2150E333-8FDC-42A3-9474-1A3956D46DE8}") = "src", "src", "{14BE8958-5499-473F-A45E-46C47EACF7C1}"
EndProject
Project("{2150E333-8FDC-42A3-9474-1A3956D46DE8}") = "assemblies", "assemblies", "{A8506BCB-2870-4DDF-915C-369EF0CD8136}"
EndProject
Project("{9A19103F-16F7-4668-BE54-9A1E7A4F7556}") = "IceRpc.Tests.Common", "tests\IceRpc.Tests.Common\IceRpc.Tests.Common.csproj", "{2C1B2C4E-5C9C-4C2D-8662-D442132B2F44}"
EndProject
Project("{9A19103F-16F7-4668-BE54-9A1E7A4F7556}") = "IceRpc.Tests", "tests\IceRpc.Tests\IceRpc.Tests.csproj", "{A2C429C9-A544-4D70-975A-050654D4D1D2}"
EndProject
Project("{9A19103F-16F7-4668-BE54-9A1E7A4F7556}") = "IntegrationTests", "tests\IntegrationTests\IntegrationTests.csproj", "{7D90ECC9-BEFA-444F-879B-47765894B5E6}"
EndProject
Project("{9A19103F-16F7-4668-BE54-9A1E7A4F7556}") = "IceRpc.Conformance.Tests", "tests\IceRpc.Conformance.Tests\IceRpc.Conformance.Tests.csproj", "{73D78B96-51EE-4F86-8BFE-F57B2930CA5E}"
EndProject
Project("{9A19103F-16F7-4668-BE54-9A1E7A4F7556}") = "IceRpc.Logger", "src\IceRpc.Logger\IceRpc.Logger.csproj", "{4E0E1018-4285-4CF4-A80B-535D45D42F4B}"
EndProject
Project("{9A19103F-16F7-4668-BE54-9A1E7A4F7556}") = "IceRpc.Metrics", "src\IceRpc.Metrics\IceRpc.Metrics.csproj", "{E8C11041-064F-41BC-9F6D-52B96ADD091A}"
EndProject
Project("{9A19103F-16F7-4668-BE54-9A1E7A4F7556}") = "IceRpc.Retry", "src\IceRpc.Retry\IceRpc.Retry.csproj", "{00230F4E-E1C9-4AA4-A4BF-1DA8A7A0F119}"
EndProject
Project("{9A19103F-16F7-4668-BE54-9A1E7A4F7556}") = "IceRpc.Telemetry", "src\IceRpc.Telemetry\IceRpc.Telemetry.csproj", "{1CF96BD2-7478-431F-8FE7-CFD5B604B43E}"
EndProject
Project("{9A19103F-16F7-4668-BE54-9A1E7A4F7556}") = "IceRpc.Logger.Tests", "tests\IceRpc.Logger.Tests\IceRpc.Logger.Tests.csproj", "{1149F93E-2A4F-4465-8BA8-30774E94C753}"
EndProject
Project("{9A19103F-16F7-4668-BE54-9A1E7A4F7556}") = "IceRpc.Metrics.Tests", "tests\IceRpc.Metrics.Tests\IceRpc.Metrics.Tests.csproj", "{D71F91EC-4C46-486A-969D-CF653214E31B}"
EndProject
Project("{9A19103F-16F7-4668-BE54-9A1E7A4F7556}") = "IceRpc.Retry.Tests", "tests\IceRpc.Retry.Tests\IceRpc.Retry.Tests.csproj", "{E7E9871A-A2E7-43C7-9AF2-CEFDD3B8A6BD}"
EndProject
Project("{9A19103F-16F7-4668-BE54-9A1E7A4F7556}") = "IceRpc.Telemetry.Tests", "tests\IceRpc.Telemetry.Tests\IceRpc.Telemetry.Tests.csproj", "{1624855F-34ED-4F94-9A80-F88E59F31FB8}"
EndProject
Project("{9A19103F-16F7-4668-BE54-9A1E7A4F7556}") = "IceRpc.Locator", "src\IceRpc.Locator\IceRpc.Locator.csproj", "{8E087F1D-1B52-47FE-9BA9-0768AFA4F3E5}"
EndProject
Project("{9A19103F-16F7-4668-BE54-9A1E7A4F7556}") = "IceRpc.Locator.Tests", "tests\IceRpc.Locator.Tests\IceRpc.Locator.Tests.csproj", "{BEACB54E-38B3-4F91-A6BA-BF89341D6320}"
EndProject
Project("{9A19103F-16F7-4668-BE54-9A1E7A4F7556}") = "IceRpc.Deadline", "src\IceRpc.Deadline\IceRpc.Deadline.csproj", "{5E683DE3-8963-477E-BFBD-D1C5A1D20B2D}"
EndProject
Project("{9A19103F-16F7-4668-BE54-9A1E7A4F7556}") = "IceRpc.Deadline.Tests", "tests\IceRpc.Deadline.Tests\IceRpc.Deadline.Tests.csproj", "{14C3C61F-1BC8-4D86-BA01-5F98BFF7F4D1}"
EndProject
Project("{9A19103F-16F7-4668-BE54-9A1E7A4F7556}") = "IceRpc.RequestContext", "src\IceRpc.RequestContext\IceRpc.RequestContext.csproj", "{DE2F9213-1AA8-49E2-9773-A9E2BBAE68AB}"
EndProject
Project("{9A19103F-16F7-4668-BE54-9A1E7A4F7556}") = "IceRpc.RequestContext.Tests", "tests\IceRpc.RequestContext.Tests\IceRpc.RequestContext.Tests.csproj", "{3351FB43-629E-4BDF-A0BC-C6C05793D5E5}"
EndProject
Project("{9A19103F-16F7-4668-BE54-9A1E7A4F7556}") = "IceRpc.Extensions.DependencyInjection", "src\IceRpc.Extensions.DependencyInjection\IceRpc.Extensions.DependencyInjection.csproj", "{F9A251F2-F948-46E7-A158-711FE83BC57A}"
EndProject
Project("{9A19103F-16F7-4668-BE54-9A1E7A4F7556}") = "IceRpc.Extensions.DependencyInjection.Tests", "tests\IceRpc.Extensions.DependencyInjection.Tests\IceRpc.Extensions.DependencyInjection.Tests.csproj", "{72D54C3D-3BBA-4AA6-A9D6-C2382F1581C4}"
EndProject
Project("{9A19103F-16F7-4668-BE54-9A1E7A4F7556}") = "IceRpc.Quic.Tests", "tests\IceRpc.Quic.Tests\IceRpc.Quic.Tests.csproj", "{31802822-8492-452E-B7F2-59339D2A3423}"
EndProject
Project("{9A19103F-16F7-4668-BE54-9A1E7A4F7556}") = "IceRpc.Compressor", "src\IceRpc.Compressor\IceRpc.Compressor.csproj", "{CAAA9746-4C40-4705-92A3-A159041C4404}"
EndProject
Project("{9A19103F-16F7-4668-BE54-9A1E7A4F7556}") = "IceRpc.Compressor.Tests", "tests\IceRpc.Compressor.Tests\IceRpc.Compressor.Tests.csproj", "{53BE5F05-9C72-4A26-9634-09A062C553AF}"
EndProject
Project("{9A19103F-16F7-4668-BE54-9A1E7A4F7556}") = "IceRpc.Transports.Coloc", "src\IceRpc.Transports.Coloc\IceRpc.Transports.Coloc.csproj", "{E254D0A8-5C0E-4C4E-B77C-3FAE4363DE2F}"
EndProject
Project("{9A19103F-16F7-4668-BE54-9A1E7A4F7556}") = "IceRpc.Transports.Quic", "src\IceRpc.Transports.Quic\IceRpc.Transports.Quic.csproj", "{1333E966-157B-463A-9E6A-5C52AC9C414A}"
EndProject
Project("{9A19103F-16F7-4668-BE54-9A1E7A4F7556}") = "ZeroC.Slice", "src\ZeroC.Slice\ZeroC.Slice.csproj", "{4A3D074B-F171-432A-A4A9-EC0F137B9BA9}"
EndProject
Project("{9A19103F-16F7-4668-BE54-9A1E7A4F7556}") = "ZeroC.Slice.Tests", "tests\ZeroC.Slice.Tests\ZeroC.Slice.Tests.csproj", "{A750BB8B-AD1A-483D-AA7E-5CAE4B077D64}"
EndProject
Project("{9A19103F-16F7-4668-BE54-9A1E7A4F7556}") = "A", "tests\ZeroC.Slice.Tests.ReferencedAssemblies\A\A.csproj", "{1424FCAD-4F35-4392-92EF-8EFE20693D2B}"
EndProject
Project("{9A19103F-16F7-4668-BE54-9A1E7A4F7556}") = "B", "tests\ZeroC.Slice.Tests.ReferencedAssemblies\B\B.csproj", "{BAC3AB55-7C4F-4F1F-A0C1-A936B55832AA}"
EndProject
Project("{9A19103F-16F7-4668-BE54-9A1E7A4F7556}") = "C", "tests\ZeroC.Slice.Tests.ReferencedAssemblies\C\C.csproj", "{25D49D40-19B6-4502-AF2F-3F8E836A652A}"
EndProject
Project("{9A19103F-16F7-4668-BE54-9A1E7A4F7556}") = "D", "tests\ZeroC.Slice.Tests.ReferencedAssemblies\D\D.csproj", "{42B76213-A8A0-4850-841B-5A32D1385348}"
EndProject
Project("{9A19103F-16F7-4668-BE54-9A1E7A4F7556}") = "DPrime", "tests\ZeroC.Slice.Tests.ReferencedAssemblies\DPrime\DPrime.csproj", "{FF8AAD85-1446-45B0-9A16-4C3DBE2671C3}"
EndProject
Project("{9A19103F-16F7-4668-BE54-9A1E7A4F7556}") = "IceRpc.Slice", "src\IceRpc.Slice\IceRpc.Slice.csproj", "{84E9E519-22AB-4296-B463-84F8AEA8BCE6}"
EndProject
Project("{9A19103F-16F7-4668-BE54-9A1E7A4F7556}") = "IceRpc.Slice.Tests", "tests\IceRpc.Slice.Tests\IceRpc.Slice.Tests.csproj", "{296344A9-9391-4154-88A3-5C3AEED02739}"
EndProject
Project("{9A19103F-16F7-4668-BE54-9A1E7A4F7556}") = "IceRpc.Slice.Generators", "src\IceRpc.Slice.Generators\IceRpc.Slice.Generators.csproj", "{8B3DC4A9-8336-4F48-B1B6-94C18A5664D4}"
EndProject
Project("{9A19103F-16F7-4668-BE54-9A1E7A4F7556}") = "IceRpc.Protobuf.Generators", "src\IceRpc.Protobuf.Generators\IceRpc.Protobuf.Generators.csproj", "{7C02E2CA-5E40-473D-AA88-5C86752BAF32}"
EndProject
Project("{9A19103F-16F7-4668-BE54-9A1E7A4F7556}") = "IceRpc.Protobuf", "src\IceRpc.Protobuf\IceRpc.Protobuf.csproj", "{927769EA-A3ED-4A46-906A-F82E3583D6E9}"
EndProject
Project("{9A19103F-16F7-4668-BE54-9A1E7A4F7556}") = "IceRpc.Protobuf.Tests", "tests\IceRpc.Protobuf.Tests\IceRpc.Protobuf.Tests.csproj", "{FA4447E1-09E5-4F0A-B3DD-B0157B62BF0A}"
EndProject
Project("{FAE04EC0-301F-11D3-BF4B-00C04F79EFBC}") = "IceRpc.ProtobufBuildTelemetry.Reporter", "tools\IceRpc.ProtobufBuildTelemetry.Reporter\IceRpc.ProtobufBuildTelemetry.Reporter.csproj", "{1EC9E918-76BA-4D46-B984-6914B2CF2204}"
EndProject
Project("{FAE04EC0-301F-11D3-BF4B-00C04F79EFBC}") = "IceRpc.SliceBuildTelemetry.Reporter", "tools\IceRpc.SliceBuildTelemetry.Reporter\IceRpc.SliceBuildTelemetry.Reporter.csproj", "{BC915815-AD09-4326-AE70-6B31CEEBF89D}"
EndProject
Global
	GlobalSection(SolutionConfigurationPlatforms) = preSolution
		Debug|Any CPU = Debug|Any CPU
		Debug|x64 = Debug|x64
		Debug|x86 = Debug|x86
		Release|Any CPU = Release|Any CPU
		Release|x64 = Release|x64
		Release|x86 = Release|x86
	EndGlobalSection
	GlobalSection(ProjectConfigurationPlatforms) = postSolution
		{516D755E-DA02-41CE-95A5-23D54691B642}.Debug|Any CPU.ActiveCfg = Debug|Any CPU
		{516D755E-DA02-41CE-95A5-23D54691B642}.Debug|Any CPU.Build.0 = Debug|Any CPU
		{516D755E-DA02-41CE-95A5-23D54691B642}.Debug|x64.ActiveCfg = Debug|Any CPU
		{516D755E-DA02-41CE-95A5-23D54691B642}.Debug|x64.Build.0 = Debug|Any CPU
		{516D755E-DA02-41CE-95A5-23D54691B642}.Debug|x86.ActiveCfg = Debug|Any CPU
		{516D755E-DA02-41CE-95A5-23D54691B642}.Debug|x86.Build.0 = Debug|Any CPU
		{516D755E-DA02-41CE-95A5-23D54691B642}.Release|Any CPU.ActiveCfg = Release|Any CPU
		{516D755E-DA02-41CE-95A5-23D54691B642}.Release|Any CPU.Build.0 = Release|Any CPU
		{516D755E-DA02-41CE-95A5-23D54691B642}.Release|x64.ActiveCfg = Release|Any CPU
		{516D755E-DA02-41CE-95A5-23D54691B642}.Release|x64.Build.0 = Release|Any CPU
		{516D755E-DA02-41CE-95A5-23D54691B642}.Release|x86.ActiveCfg = Release|Any CPU
		{516D755E-DA02-41CE-95A5-23D54691B642}.Release|x86.Build.0 = Release|Any CPU
		{2C1B2C4E-5C9C-4C2D-8662-D442132B2F44}.Debug|Any CPU.ActiveCfg = Debug|Any CPU
		{2C1B2C4E-5C9C-4C2D-8662-D442132B2F44}.Debug|Any CPU.Build.0 = Debug|Any CPU
		{2C1B2C4E-5C9C-4C2D-8662-D442132B2F44}.Debug|x64.ActiveCfg = Debug|Any CPU
		{2C1B2C4E-5C9C-4C2D-8662-D442132B2F44}.Debug|x64.Build.0 = Debug|Any CPU
		{2C1B2C4E-5C9C-4C2D-8662-D442132B2F44}.Debug|x86.ActiveCfg = Debug|Any CPU
		{2C1B2C4E-5C9C-4C2D-8662-D442132B2F44}.Debug|x86.Build.0 = Debug|Any CPU
		{2C1B2C4E-5C9C-4C2D-8662-D442132B2F44}.Release|Any CPU.ActiveCfg = Release|Any CPU
		{2C1B2C4E-5C9C-4C2D-8662-D442132B2F44}.Release|Any CPU.Build.0 = Release|Any CPU
		{2C1B2C4E-5C9C-4C2D-8662-D442132B2F44}.Release|x64.ActiveCfg = Release|Any CPU
		{2C1B2C4E-5C9C-4C2D-8662-D442132B2F44}.Release|x64.Build.0 = Release|Any CPU
		{2C1B2C4E-5C9C-4C2D-8662-D442132B2F44}.Release|x86.ActiveCfg = Release|Any CPU
		{2C1B2C4E-5C9C-4C2D-8662-D442132B2F44}.Release|x86.Build.0 = Release|Any CPU
		{A2C429C9-A544-4D70-975A-050654D4D1D2}.Debug|Any CPU.ActiveCfg = Debug|Any CPU
		{A2C429C9-A544-4D70-975A-050654D4D1D2}.Debug|Any CPU.Build.0 = Debug|Any CPU
		{A2C429C9-A544-4D70-975A-050654D4D1D2}.Debug|x64.ActiveCfg = Debug|Any CPU
		{A2C429C9-A544-4D70-975A-050654D4D1D2}.Debug|x64.Build.0 = Debug|Any CPU
		{A2C429C9-A544-4D70-975A-050654D4D1D2}.Debug|x86.ActiveCfg = Debug|Any CPU
		{A2C429C9-A544-4D70-975A-050654D4D1D2}.Debug|x86.Build.0 = Debug|Any CPU
		{A2C429C9-A544-4D70-975A-050654D4D1D2}.Release|Any CPU.ActiveCfg = Release|Any CPU
		{A2C429C9-A544-4D70-975A-050654D4D1D2}.Release|Any CPU.Build.0 = Release|Any CPU
		{A2C429C9-A544-4D70-975A-050654D4D1D2}.Release|x64.ActiveCfg = Release|Any CPU
		{A2C429C9-A544-4D70-975A-050654D4D1D2}.Release|x64.Build.0 = Release|Any CPU
		{A2C429C9-A544-4D70-975A-050654D4D1D2}.Release|x86.ActiveCfg = Release|Any CPU
		{A2C429C9-A544-4D70-975A-050654D4D1D2}.Release|x86.Build.0 = Release|Any CPU
		{7D90ECC9-BEFA-444F-879B-47765894B5E6}.Debug|Any CPU.ActiveCfg = Debug|Any CPU
		{7D90ECC9-BEFA-444F-879B-47765894B5E6}.Debug|Any CPU.Build.0 = Debug|Any CPU
		{7D90ECC9-BEFA-444F-879B-47765894B5E6}.Debug|x64.ActiveCfg = Debug|Any CPU
		{7D90ECC9-BEFA-444F-879B-47765894B5E6}.Debug|x64.Build.0 = Debug|Any CPU
		{7D90ECC9-BEFA-444F-879B-47765894B5E6}.Debug|x86.ActiveCfg = Debug|Any CPU
		{7D90ECC9-BEFA-444F-879B-47765894B5E6}.Debug|x86.Build.0 = Debug|Any CPU
		{7D90ECC9-BEFA-444F-879B-47765894B5E6}.Release|Any CPU.ActiveCfg = Release|Any CPU
		{7D90ECC9-BEFA-444F-879B-47765894B5E6}.Release|Any CPU.Build.0 = Release|Any CPU
		{7D90ECC9-BEFA-444F-879B-47765894B5E6}.Release|x64.ActiveCfg = Release|Any CPU
		{7D90ECC9-BEFA-444F-879B-47765894B5E6}.Release|x64.Build.0 = Release|Any CPU
		{7D90ECC9-BEFA-444F-879B-47765894B5E6}.Release|x86.ActiveCfg = Release|Any CPU
		{7D90ECC9-BEFA-444F-879B-47765894B5E6}.Release|x86.Build.0 = Release|Any CPU
		{73D78B96-51EE-4F86-8BFE-F57B2930CA5E}.Debug|Any CPU.ActiveCfg = Debug|Any CPU
		{73D78B96-51EE-4F86-8BFE-F57B2930CA5E}.Debug|Any CPU.Build.0 = Debug|Any CPU
		{73D78B96-51EE-4F86-8BFE-F57B2930CA5E}.Debug|x64.ActiveCfg = Debug|Any CPU
		{73D78B96-51EE-4F86-8BFE-F57B2930CA5E}.Debug|x64.Build.0 = Debug|Any CPU
		{73D78B96-51EE-4F86-8BFE-F57B2930CA5E}.Debug|x86.ActiveCfg = Debug|Any CPU
		{73D78B96-51EE-4F86-8BFE-F57B2930CA5E}.Debug|x86.Build.0 = Debug|Any CPU
		{73D78B96-51EE-4F86-8BFE-F57B2930CA5E}.Release|Any CPU.ActiveCfg = Release|Any CPU
		{73D78B96-51EE-4F86-8BFE-F57B2930CA5E}.Release|Any CPU.Build.0 = Release|Any CPU
		{73D78B96-51EE-4F86-8BFE-F57B2930CA5E}.Release|x64.ActiveCfg = Release|Any CPU
		{73D78B96-51EE-4F86-8BFE-F57B2930CA5E}.Release|x64.Build.0 = Release|Any CPU
		{73D78B96-51EE-4F86-8BFE-F57B2930CA5E}.Release|x86.ActiveCfg = Release|Any CPU
		{73D78B96-51EE-4F86-8BFE-F57B2930CA5E}.Release|x86.Build.0 = Release|Any CPU
		{4E0E1018-4285-4CF4-A80B-535D45D42F4B}.Debug|Any CPU.ActiveCfg = Debug|Any CPU
		{4E0E1018-4285-4CF4-A80B-535D45D42F4B}.Debug|Any CPU.Build.0 = Debug|Any CPU
		{4E0E1018-4285-4CF4-A80B-535D45D42F4B}.Debug|x64.ActiveCfg = Debug|Any CPU
		{4E0E1018-4285-4CF4-A80B-535D45D42F4B}.Debug|x64.Build.0 = Debug|Any CPU
		{4E0E1018-4285-4CF4-A80B-535D45D42F4B}.Debug|x86.ActiveCfg = Debug|Any CPU
		{4E0E1018-4285-4CF4-A80B-535D45D42F4B}.Debug|x86.Build.0 = Debug|Any CPU
		{4E0E1018-4285-4CF4-A80B-535D45D42F4B}.Release|Any CPU.ActiveCfg = Release|Any CPU
		{4E0E1018-4285-4CF4-A80B-535D45D42F4B}.Release|Any CPU.Build.0 = Release|Any CPU
		{4E0E1018-4285-4CF4-A80B-535D45D42F4B}.Release|x64.ActiveCfg = Release|Any CPU
		{4E0E1018-4285-4CF4-A80B-535D45D42F4B}.Release|x64.Build.0 = Release|Any CPU
		{4E0E1018-4285-4CF4-A80B-535D45D42F4B}.Release|x86.ActiveCfg = Release|Any CPU
		{4E0E1018-4285-4CF4-A80B-535D45D42F4B}.Release|x86.Build.0 = Release|Any CPU
		{E8C11041-064F-41BC-9F6D-52B96ADD091A}.Debug|Any CPU.ActiveCfg = Debug|Any CPU
		{E8C11041-064F-41BC-9F6D-52B96ADD091A}.Debug|Any CPU.Build.0 = Debug|Any CPU
		{E8C11041-064F-41BC-9F6D-52B96ADD091A}.Debug|x64.ActiveCfg = Debug|Any CPU
		{E8C11041-064F-41BC-9F6D-52B96ADD091A}.Debug|x64.Build.0 = Debug|Any CPU
		{E8C11041-064F-41BC-9F6D-52B96ADD091A}.Debug|x86.ActiveCfg = Debug|Any CPU
		{E8C11041-064F-41BC-9F6D-52B96ADD091A}.Debug|x86.Build.0 = Debug|Any CPU
		{E8C11041-064F-41BC-9F6D-52B96ADD091A}.Release|Any CPU.ActiveCfg = Release|Any CPU
		{E8C11041-064F-41BC-9F6D-52B96ADD091A}.Release|Any CPU.Build.0 = Release|Any CPU
		{E8C11041-064F-41BC-9F6D-52B96ADD091A}.Release|x64.ActiveCfg = Release|Any CPU
		{E8C11041-064F-41BC-9F6D-52B96ADD091A}.Release|x64.Build.0 = Release|Any CPU
		{E8C11041-064F-41BC-9F6D-52B96ADD091A}.Release|x86.ActiveCfg = Release|Any CPU
		{E8C11041-064F-41BC-9F6D-52B96ADD091A}.Release|x86.Build.0 = Release|Any CPU
		{00230F4E-E1C9-4AA4-A4BF-1DA8A7A0F119}.Debug|Any CPU.ActiveCfg = Debug|Any CPU
		{00230F4E-E1C9-4AA4-A4BF-1DA8A7A0F119}.Debug|Any CPU.Build.0 = Debug|Any CPU
		{00230F4E-E1C9-4AA4-A4BF-1DA8A7A0F119}.Debug|x64.ActiveCfg = Debug|Any CPU
		{00230F4E-E1C9-4AA4-A4BF-1DA8A7A0F119}.Debug|x64.Build.0 = Debug|Any CPU
		{00230F4E-E1C9-4AA4-A4BF-1DA8A7A0F119}.Debug|x86.ActiveCfg = Debug|Any CPU
		{00230F4E-E1C9-4AA4-A4BF-1DA8A7A0F119}.Debug|x86.Build.0 = Debug|Any CPU
		{00230F4E-E1C9-4AA4-A4BF-1DA8A7A0F119}.Release|Any CPU.ActiveCfg = Release|Any CPU
		{00230F4E-E1C9-4AA4-A4BF-1DA8A7A0F119}.Release|Any CPU.Build.0 = Release|Any CPU
		{00230F4E-E1C9-4AA4-A4BF-1DA8A7A0F119}.Release|x64.ActiveCfg = Release|Any CPU
		{00230F4E-E1C9-4AA4-A4BF-1DA8A7A0F119}.Release|x64.Build.0 = Release|Any CPU
		{00230F4E-E1C9-4AA4-A4BF-1DA8A7A0F119}.Release|x86.ActiveCfg = Release|Any CPU
		{00230F4E-E1C9-4AA4-A4BF-1DA8A7A0F119}.Release|x86.Build.0 = Release|Any CPU
		{1CF96BD2-7478-431F-8FE7-CFD5B604B43E}.Debug|Any CPU.ActiveCfg = Debug|Any CPU
		{1CF96BD2-7478-431F-8FE7-CFD5B604B43E}.Debug|Any CPU.Build.0 = Debug|Any CPU
		{1CF96BD2-7478-431F-8FE7-CFD5B604B43E}.Debug|x64.ActiveCfg = Debug|Any CPU
		{1CF96BD2-7478-431F-8FE7-CFD5B604B43E}.Debug|x64.Build.0 = Debug|Any CPU
		{1CF96BD2-7478-431F-8FE7-CFD5B604B43E}.Debug|x86.ActiveCfg = Debug|Any CPU
		{1CF96BD2-7478-431F-8FE7-CFD5B604B43E}.Debug|x86.Build.0 = Debug|Any CPU
		{1CF96BD2-7478-431F-8FE7-CFD5B604B43E}.Release|Any CPU.ActiveCfg = Release|Any CPU
		{1CF96BD2-7478-431F-8FE7-CFD5B604B43E}.Release|Any CPU.Build.0 = Release|Any CPU
		{1CF96BD2-7478-431F-8FE7-CFD5B604B43E}.Release|x64.ActiveCfg = Release|Any CPU
		{1CF96BD2-7478-431F-8FE7-CFD5B604B43E}.Release|x64.Build.0 = Release|Any CPU
		{1CF96BD2-7478-431F-8FE7-CFD5B604B43E}.Release|x86.ActiveCfg = Release|Any CPU
		{1CF96BD2-7478-431F-8FE7-CFD5B604B43E}.Release|x86.Build.0 = Release|Any CPU
		{1149F93E-2A4F-4465-8BA8-30774E94C753}.Debug|Any CPU.ActiveCfg = Debug|Any CPU
		{1149F93E-2A4F-4465-8BA8-30774E94C753}.Debug|Any CPU.Build.0 = Debug|Any CPU
		{1149F93E-2A4F-4465-8BA8-30774E94C753}.Debug|x64.ActiveCfg = Debug|Any CPU
		{1149F93E-2A4F-4465-8BA8-30774E94C753}.Debug|x64.Build.0 = Debug|Any CPU
		{1149F93E-2A4F-4465-8BA8-30774E94C753}.Debug|x86.ActiveCfg = Debug|Any CPU
		{1149F93E-2A4F-4465-8BA8-30774E94C753}.Debug|x86.Build.0 = Debug|Any CPU
		{1149F93E-2A4F-4465-8BA8-30774E94C753}.Release|Any CPU.ActiveCfg = Release|Any CPU
		{1149F93E-2A4F-4465-8BA8-30774E94C753}.Release|Any CPU.Build.0 = Release|Any CPU
		{1149F93E-2A4F-4465-8BA8-30774E94C753}.Release|x64.ActiveCfg = Release|Any CPU
		{1149F93E-2A4F-4465-8BA8-30774E94C753}.Release|x64.Build.0 = Release|Any CPU
		{1149F93E-2A4F-4465-8BA8-30774E94C753}.Release|x86.ActiveCfg = Release|Any CPU
		{1149F93E-2A4F-4465-8BA8-30774E94C753}.Release|x86.Build.0 = Release|Any CPU
		{D71F91EC-4C46-486A-969D-CF653214E31B}.Debug|Any CPU.ActiveCfg = Debug|Any CPU
		{D71F91EC-4C46-486A-969D-CF653214E31B}.Debug|Any CPU.Build.0 = Debug|Any CPU
		{D71F91EC-4C46-486A-969D-CF653214E31B}.Debug|x64.ActiveCfg = Debug|Any CPU
		{D71F91EC-4C46-486A-969D-CF653214E31B}.Debug|x64.Build.0 = Debug|Any CPU
		{D71F91EC-4C46-486A-969D-CF653214E31B}.Debug|x86.ActiveCfg = Debug|Any CPU
		{D71F91EC-4C46-486A-969D-CF653214E31B}.Debug|x86.Build.0 = Debug|Any CPU
		{D71F91EC-4C46-486A-969D-CF653214E31B}.Release|Any CPU.ActiveCfg = Release|Any CPU
		{D71F91EC-4C46-486A-969D-CF653214E31B}.Release|Any CPU.Build.0 = Release|Any CPU
		{D71F91EC-4C46-486A-969D-CF653214E31B}.Release|x64.ActiveCfg = Release|Any CPU
		{D71F91EC-4C46-486A-969D-CF653214E31B}.Release|x64.Build.0 = Release|Any CPU
		{D71F91EC-4C46-486A-969D-CF653214E31B}.Release|x86.ActiveCfg = Release|Any CPU
		{D71F91EC-4C46-486A-969D-CF653214E31B}.Release|x86.Build.0 = Release|Any CPU
		{E7E9871A-A2E7-43C7-9AF2-CEFDD3B8A6BD}.Debug|Any CPU.ActiveCfg = Debug|Any CPU
		{E7E9871A-A2E7-43C7-9AF2-CEFDD3B8A6BD}.Debug|Any CPU.Build.0 = Debug|Any CPU
		{E7E9871A-A2E7-43C7-9AF2-CEFDD3B8A6BD}.Debug|x64.ActiveCfg = Debug|Any CPU
		{E7E9871A-A2E7-43C7-9AF2-CEFDD3B8A6BD}.Debug|x64.Build.0 = Debug|Any CPU
		{E7E9871A-A2E7-43C7-9AF2-CEFDD3B8A6BD}.Debug|x86.ActiveCfg = Debug|Any CPU
		{E7E9871A-A2E7-43C7-9AF2-CEFDD3B8A6BD}.Debug|x86.Build.0 = Debug|Any CPU
		{E7E9871A-A2E7-43C7-9AF2-CEFDD3B8A6BD}.Release|Any CPU.ActiveCfg = Release|Any CPU
		{E7E9871A-A2E7-43C7-9AF2-CEFDD3B8A6BD}.Release|Any CPU.Build.0 = Release|Any CPU
		{E7E9871A-A2E7-43C7-9AF2-CEFDD3B8A6BD}.Release|x64.ActiveCfg = Release|Any CPU
		{E7E9871A-A2E7-43C7-9AF2-CEFDD3B8A6BD}.Release|x64.Build.0 = Release|Any CPU
		{E7E9871A-A2E7-43C7-9AF2-CEFDD3B8A6BD}.Release|x86.ActiveCfg = Release|Any CPU
		{E7E9871A-A2E7-43C7-9AF2-CEFDD3B8A6BD}.Release|x86.Build.0 = Release|Any CPU
		{1624855F-34ED-4F94-9A80-F88E59F31FB8}.Debug|Any CPU.ActiveCfg = Debug|Any CPU
		{1624855F-34ED-4F94-9A80-F88E59F31FB8}.Debug|Any CPU.Build.0 = Debug|Any CPU
		{1624855F-34ED-4F94-9A80-F88E59F31FB8}.Debug|x64.ActiveCfg = Debug|Any CPU
		{1624855F-34ED-4F94-9A80-F88E59F31FB8}.Debug|x64.Build.0 = Debug|Any CPU
		{1624855F-34ED-4F94-9A80-F88E59F31FB8}.Debug|x86.ActiveCfg = Debug|Any CPU
		{1624855F-34ED-4F94-9A80-F88E59F31FB8}.Debug|x86.Build.0 = Debug|Any CPU
		{1624855F-34ED-4F94-9A80-F88E59F31FB8}.Release|Any CPU.ActiveCfg = Release|Any CPU
		{1624855F-34ED-4F94-9A80-F88E59F31FB8}.Release|Any CPU.Build.0 = Release|Any CPU
		{1624855F-34ED-4F94-9A80-F88E59F31FB8}.Release|x64.ActiveCfg = Release|Any CPU
		{1624855F-34ED-4F94-9A80-F88E59F31FB8}.Release|x64.Build.0 = Release|Any CPU
		{1624855F-34ED-4F94-9A80-F88E59F31FB8}.Release|x86.ActiveCfg = Release|Any CPU
		{1624855F-34ED-4F94-9A80-F88E59F31FB8}.Release|x86.Build.0 = Release|Any CPU
		{8E087F1D-1B52-47FE-9BA9-0768AFA4F3E5}.Debug|Any CPU.ActiveCfg = Debug|Any CPU
		{8E087F1D-1B52-47FE-9BA9-0768AFA4F3E5}.Debug|Any CPU.Build.0 = Debug|Any CPU
		{8E087F1D-1B52-47FE-9BA9-0768AFA4F3E5}.Debug|x64.ActiveCfg = Debug|Any CPU
		{8E087F1D-1B52-47FE-9BA9-0768AFA4F3E5}.Debug|x64.Build.0 = Debug|Any CPU
		{8E087F1D-1B52-47FE-9BA9-0768AFA4F3E5}.Debug|x86.ActiveCfg = Debug|Any CPU
		{8E087F1D-1B52-47FE-9BA9-0768AFA4F3E5}.Debug|x86.Build.0 = Debug|Any CPU
		{8E087F1D-1B52-47FE-9BA9-0768AFA4F3E5}.Release|Any CPU.ActiveCfg = Release|Any CPU
		{8E087F1D-1B52-47FE-9BA9-0768AFA4F3E5}.Release|Any CPU.Build.0 = Release|Any CPU
		{8E087F1D-1B52-47FE-9BA9-0768AFA4F3E5}.Release|x64.ActiveCfg = Release|Any CPU
		{8E087F1D-1B52-47FE-9BA9-0768AFA4F3E5}.Release|x64.Build.0 = Release|Any CPU
		{8E087F1D-1B52-47FE-9BA9-0768AFA4F3E5}.Release|x86.ActiveCfg = Release|Any CPU
		{8E087F1D-1B52-47FE-9BA9-0768AFA4F3E5}.Release|x86.Build.0 = Release|Any CPU
		{BEACB54E-38B3-4F91-A6BA-BF89341D6320}.Debug|Any CPU.ActiveCfg = Debug|Any CPU
		{BEACB54E-38B3-4F91-A6BA-BF89341D6320}.Debug|Any CPU.Build.0 = Debug|Any CPU
		{BEACB54E-38B3-4F91-A6BA-BF89341D6320}.Debug|x64.ActiveCfg = Debug|Any CPU
		{BEACB54E-38B3-4F91-A6BA-BF89341D6320}.Debug|x64.Build.0 = Debug|Any CPU
		{BEACB54E-38B3-4F91-A6BA-BF89341D6320}.Debug|x86.ActiveCfg = Debug|Any CPU
		{BEACB54E-38B3-4F91-A6BA-BF89341D6320}.Debug|x86.Build.0 = Debug|Any CPU
		{BEACB54E-38B3-4F91-A6BA-BF89341D6320}.Release|Any CPU.ActiveCfg = Release|Any CPU
		{BEACB54E-38B3-4F91-A6BA-BF89341D6320}.Release|Any CPU.Build.0 = Release|Any CPU
		{BEACB54E-38B3-4F91-A6BA-BF89341D6320}.Release|x64.ActiveCfg = Release|Any CPU
		{BEACB54E-38B3-4F91-A6BA-BF89341D6320}.Release|x64.Build.0 = Release|Any CPU
		{BEACB54E-38B3-4F91-A6BA-BF89341D6320}.Release|x86.ActiveCfg = Release|Any CPU
		{BEACB54E-38B3-4F91-A6BA-BF89341D6320}.Release|x86.Build.0 = Release|Any CPU
		{5E683DE3-8963-477E-BFBD-D1C5A1D20B2D}.Debug|Any CPU.ActiveCfg = Debug|Any CPU
		{5E683DE3-8963-477E-BFBD-D1C5A1D20B2D}.Debug|Any CPU.Build.0 = Debug|Any CPU
		{5E683DE3-8963-477E-BFBD-D1C5A1D20B2D}.Debug|x64.ActiveCfg = Debug|Any CPU
		{5E683DE3-8963-477E-BFBD-D1C5A1D20B2D}.Debug|x64.Build.0 = Debug|Any CPU
		{5E683DE3-8963-477E-BFBD-D1C5A1D20B2D}.Debug|x86.ActiveCfg = Debug|Any CPU
		{5E683DE3-8963-477E-BFBD-D1C5A1D20B2D}.Debug|x86.Build.0 = Debug|Any CPU
		{5E683DE3-8963-477E-BFBD-D1C5A1D20B2D}.Release|Any CPU.ActiveCfg = Release|Any CPU
		{5E683DE3-8963-477E-BFBD-D1C5A1D20B2D}.Release|Any CPU.Build.0 = Release|Any CPU
		{5E683DE3-8963-477E-BFBD-D1C5A1D20B2D}.Release|x64.ActiveCfg = Release|Any CPU
		{5E683DE3-8963-477E-BFBD-D1C5A1D20B2D}.Release|x64.Build.0 = Release|Any CPU
		{5E683DE3-8963-477E-BFBD-D1C5A1D20B2D}.Release|x86.ActiveCfg = Release|Any CPU
		{5E683DE3-8963-477E-BFBD-D1C5A1D20B2D}.Release|x86.Build.0 = Release|Any CPU
		{14C3C61F-1BC8-4D86-BA01-5F98BFF7F4D1}.Debug|Any CPU.ActiveCfg = Debug|Any CPU
		{14C3C61F-1BC8-4D86-BA01-5F98BFF7F4D1}.Debug|Any CPU.Build.0 = Debug|Any CPU
		{14C3C61F-1BC8-4D86-BA01-5F98BFF7F4D1}.Debug|x64.ActiveCfg = Debug|Any CPU
		{14C3C61F-1BC8-4D86-BA01-5F98BFF7F4D1}.Debug|x64.Build.0 = Debug|Any CPU
		{14C3C61F-1BC8-4D86-BA01-5F98BFF7F4D1}.Debug|x86.ActiveCfg = Debug|Any CPU
		{14C3C61F-1BC8-4D86-BA01-5F98BFF7F4D1}.Debug|x86.Build.0 = Debug|Any CPU
		{14C3C61F-1BC8-4D86-BA01-5F98BFF7F4D1}.Release|Any CPU.ActiveCfg = Release|Any CPU
		{14C3C61F-1BC8-4D86-BA01-5F98BFF7F4D1}.Release|Any CPU.Build.0 = Release|Any CPU
		{14C3C61F-1BC8-4D86-BA01-5F98BFF7F4D1}.Release|x64.ActiveCfg = Release|Any CPU
		{14C3C61F-1BC8-4D86-BA01-5F98BFF7F4D1}.Release|x64.Build.0 = Release|Any CPU
		{14C3C61F-1BC8-4D86-BA01-5F98BFF7F4D1}.Release|x86.ActiveCfg = Release|Any CPU
		{14C3C61F-1BC8-4D86-BA01-5F98BFF7F4D1}.Release|x86.Build.0 = Release|Any CPU
		{DE2F9213-1AA8-49E2-9773-A9E2BBAE68AB}.Debug|Any CPU.ActiveCfg = Debug|Any CPU
		{DE2F9213-1AA8-49E2-9773-A9E2BBAE68AB}.Debug|Any CPU.Build.0 = Debug|Any CPU
		{DE2F9213-1AA8-49E2-9773-A9E2BBAE68AB}.Debug|x64.ActiveCfg = Debug|Any CPU
		{DE2F9213-1AA8-49E2-9773-A9E2BBAE68AB}.Debug|x64.Build.0 = Debug|Any CPU
		{DE2F9213-1AA8-49E2-9773-A9E2BBAE68AB}.Debug|x86.ActiveCfg = Debug|Any CPU
		{DE2F9213-1AA8-49E2-9773-A9E2BBAE68AB}.Debug|x86.Build.0 = Debug|Any CPU
		{DE2F9213-1AA8-49E2-9773-A9E2BBAE68AB}.Release|Any CPU.ActiveCfg = Release|Any CPU
		{DE2F9213-1AA8-49E2-9773-A9E2BBAE68AB}.Release|Any CPU.Build.0 = Release|Any CPU
		{DE2F9213-1AA8-49E2-9773-A9E2BBAE68AB}.Release|x64.ActiveCfg = Release|Any CPU
		{DE2F9213-1AA8-49E2-9773-A9E2BBAE68AB}.Release|x64.Build.0 = Release|Any CPU
		{DE2F9213-1AA8-49E2-9773-A9E2BBAE68AB}.Release|x86.ActiveCfg = Release|Any CPU
		{DE2F9213-1AA8-49E2-9773-A9E2BBAE68AB}.Release|x86.Build.0 = Release|Any CPU
		{3351FB43-629E-4BDF-A0BC-C6C05793D5E5}.Debug|Any CPU.ActiveCfg = Debug|Any CPU
		{3351FB43-629E-4BDF-A0BC-C6C05793D5E5}.Debug|Any CPU.Build.0 = Debug|Any CPU
		{3351FB43-629E-4BDF-A0BC-C6C05793D5E5}.Debug|x64.ActiveCfg = Debug|Any CPU
		{3351FB43-629E-4BDF-A0BC-C6C05793D5E5}.Debug|x64.Build.0 = Debug|Any CPU
		{3351FB43-629E-4BDF-A0BC-C6C05793D5E5}.Debug|x86.ActiveCfg = Debug|Any CPU
		{3351FB43-629E-4BDF-A0BC-C6C05793D5E5}.Debug|x86.Build.0 = Debug|Any CPU
		{3351FB43-629E-4BDF-A0BC-C6C05793D5E5}.Release|Any CPU.ActiveCfg = Release|Any CPU
		{3351FB43-629E-4BDF-A0BC-C6C05793D5E5}.Release|Any CPU.Build.0 = Release|Any CPU
		{3351FB43-629E-4BDF-A0BC-C6C05793D5E5}.Release|x64.ActiveCfg = Release|Any CPU
		{3351FB43-629E-4BDF-A0BC-C6C05793D5E5}.Release|x64.Build.0 = Release|Any CPU
		{3351FB43-629E-4BDF-A0BC-C6C05793D5E5}.Release|x86.ActiveCfg = Release|Any CPU
		{3351FB43-629E-4BDF-A0BC-C6C05793D5E5}.Release|x86.Build.0 = Release|Any CPU
		{F9A251F2-F948-46E7-A158-711FE83BC57A}.Debug|Any CPU.ActiveCfg = Debug|Any CPU
		{F9A251F2-F948-46E7-A158-711FE83BC57A}.Debug|Any CPU.Build.0 = Debug|Any CPU
		{F9A251F2-F948-46E7-A158-711FE83BC57A}.Debug|x64.ActiveCfg = Debug|Any CPU
		{F9A251F2-F948-46E7-A158-711FE83BC57A}.Debug|x64.Build.0 = Debug|Any CPU
		{F9A251F2-F948-46E7-A158-711FE83BC57A}.Debug|x86.ActiveCfg = Debug|Any CPU
		{F9A251F2-F948-46E7-A158-711FE83BC57A}.Debug|x86.Build.0 = Debug|Any CPU
		{F9A251F2-F948-46E7-A158-711FE83BC57A}.Release|Any CPU.ActiveCfg = Release|Any CPU
		{F9A251F2-F948-46E7-A158-711FE83BC57A}.Release|Any CPU.Build.0 = Release|Any CPU
		{F9A251F2-F948-46E7-A158-711FE83BC57A}.Release|x64.ActiveCfg = Release|Any CPU
		{F9A251F2-F948-46E7-A158-711FE83BC57A}.Release|x64.Build.0 = Release|Any CPU
		{F9A251F2-F948-46E7-A158-711FE83BC57A}.Release|x86.ActiveCfg = Release|Any CPU
		{F9A251F2-F948-46E7-A158-711FE83BC57A}.Release|x86.Build.0 = Release|Any CPU
		{72D54C3D-3BBA-4AA6-A9D6-C2382F1581C4}.Debug|Any CPU.ActiveCfg = Debug|Any CPU
		{72D54C3D-3BBA-4AA6-A9D6-C2382F1581C4}.Debug|Any CPU.Build.0 = Debug|Any CPU
		{72D54C3D-3BBA-4AA6-A9D6-C2382F1581C4}.Debug|x64.ActiveCfg = Debug|Any CPU
		{72D54C3D-3BBA-4AA6-A9D6-C2382F1581C4}.Debug|x64.Build.0 = Debug|Any CPU
		{72D54C3D-3BBA-4AA6-A9D6-C2382F1581C4}.Debug|x86.ActiveCfg = Debug|Any CPU
		{72D54C3D-3BBA-4AA6-A9D6-C2382F1581C4}.Debug|x86.Build.0 = Debug|Any CPU
		{72D54C3D-3BBA-4AA6-A9D6-C2382F1581C4}.Release|Any CPU.ActiveCfg = Release|Any CPU
		{72D54C3D-3BBA-4AA6-A9D6-C2382F1581C4}.Release|Any CPU.Build.0 = Release|Any CPU
		{72D54C3D-3BBA-4AA6-A9D6-C2382F1581C4}.Release|x64.ActiveCfg = Release|Any CPU
		{72D54C3D-3BBA-4AA6-A9D6-C2382F1581C4}.Release|x64.Build.0 = Release|Any CPU
		{72D54C3D-3BBA-4AA6-A9D6-C2382F1581C4}.Release|x86.ActiveCfg = Release|Any CPU
		{72D54C3D-3BBA-4AA6-A9D6-C2382F1581C4}.Release|x86.Build.0 = Release|Any CPU
		{31802822-8492-452E-B7F2-59339D2A3423}.Debug|Any CPU.ActiveCfg = Debug|Any CPU
		{31802822-8492-452E-B7F2-59339D2A3423}.Debug|Any CPU.Build.0 = Debug|Any CPU
		{31802822-8492-452E-B7F2-59339D2A3423}.Debug|x64.ActiveCfg = Debug|Any CPU
		{31802822-8492-452E-B7F2-59339D2A3423}.Debug|x64.Build.0 = Debug|Any CPU
		{31802822-8492-452E-B7F2-59339D2A3423}.Debug|x86.ActiveCfg = Debug|Any CPU
		{31802822-8492-452E-B7F2-59339D2A3423}.Debug|x86.Build.0 = Debug|Any CPU
		{31802822-8492-452E-B7F2-59339D2A3423}.Release|Any CPU.ActiveCfg = Release|Any CPU
		{31802822-8492-452E-B7F2-59339D2A3423}.Release|Any CPU.Build.0 = Release|Any CPU
		{31802822-8492-452E-B7F2-59339D2A3423}.Release|x64.ActiveCfg = Release|Any CPU
		{31802822-8492-452E-B7F2-59339D2A3423}.Release|x64.Build.0 = Release|Any CPU
		{31802822-8492-452E-B7F2-59339D2A3423}.Release|x86.ActiveCfg = Release|Any CPU
		{31802822-8492-452E-B7F2-59339D2A3423}.Release|x86.Build.0 = Release|Any CPU
		{CAAA9746-4C40-4705-92A3-A159041C4404}.Debug|Any CPU.ActiveCfg = Debug|Any CPU
		{CAAA9746-4C40-4705-92A3-A159041C4404}.Debug|Any CPU.Build.0 = Debug|Any CPU
		{CAAA9746-4C40-4705-92A3-A159041C4404}.Debug|x64.ActiveCfg = Debug|Any CPU
		{CAAA9746-4C40-4705-92A3-A159041C4404}.Debug|x64.Build.0 = Debug|Any CPU
		{CAAA9746-4C40-4705-92A3-A159041C4404}.Debug|x86.ActiveCfg = Debug|Any CPU
		{CAAA9746-4C40-4705-92A3-A159041C4404}.Debug|x86.Build.0 = Debug|Any CPU
		{CAAA9746-4C40-4705-92A3-A159041C4404}.Release|Any CPU.ActiveCfg = Release|Any CPU
		{CAAA9746-4C40-4705-92A3-A159041C4404}.Release|Any CPU.Build.0 = Release|Any CPU
		{CAAA9746-4C40-4705-92A3-A159041C4404}.Release|x64.ActiveCfg = Release|Any CPU
		{CAAA9746-4C40-4705-92A3-A159041C4404}.Release|x64.Build.0 = Release|Any CPU
		{CAAA9746-4C40-4705-92A3-A159041C4404}.Release|x86.ActiveCfg = Release|Any CPU
		{CAAA9746-4C40-4705-92A3-A159041C4404}.Release|x86.Build.0 = Release|Any CPU
		{53BE5F05-9C72-4A26-9634-09A062C553AF}.Debug|Any CPU.ActiveCfg = Debug|Any CPU
		{53BE5F05-9C72-4A26-9634-09A062C553AF}.Debug|Any CPU.Build.0 = Debug|Any CPU
		{53BE5F05-9C72-4A26-9634-09A062C553AF}.Debug|x64.ActiveCfg = Debug|Any CPU
		{53BE5F05-9C72-4A26-9634-09A062C553AF}.Debug|x64.Build.0 = Debug|Any CPU
		{53BE5F05-9C72-4A26-9634-09A062C553AF}.Debug|x86.ActiveCfg = Debug|Any CPU
		{53BE5F05-9C72-4A26-9634-09A062C553AF}.Debug|x86.Build.0 = Debug|Any CPU
		{53BE5F05-9C72-4A26-9634-09A062C553AF}.Release|Any CPU.ActiveCfg = Release|Any CPU
		{53BE5F05-9C72-4A26-9634-09A062C553AF}.Release|Any CPU.Build.0 = Release|Any CPU
		{53BE5F05-9C72-4A26-9634-09A062C553AF}.Release|x64.ActiveCfg = Release|Any CPU
		{53BE5F05-9C72-4A26-9634-09A062C553AF}.Release|x64.Build.0 = Release|Any CPU
		{53BE5F05-9C72-4A26-9634-09A062C553AF}.Release|x86.ActiveCfg = Release|Any CPU
		{53BE5F05-9C72-4A26-9634-09A062C553AF}.Release|x86.Build.0 = Release|Any CPU
		{E254D0A8-5C0E-4C4E-B77C-3FAE4363DE2F}.Debug|Any CPU.ActiveCfg = Debug|Any CPU
		{E254D0A8-5C0E-4C4E-B77C-3FAE4363DE2F}.Debug|Any CPU.Build.0 = Debug|Any CPU
		{E254D0A8-5C0E-4C4E-B77C-3FAE4363DE2F}.Debug|x64.ActiveCfg = Debug|Any CPU
		{E254D0A8-5C0E-4C4E-B77C-3FAE4363DE2F}.Debug|x64.Build.0 = Debug|Any CPU
		{E254D0A8-5C0E-4C4E-B77C-3FAE4363DE2F}.Debug|x86.ActiveCfg = Debug|Any CPU
		{E254D0A8-5C0E-4C4E-B77C-3FAE4363DE2F}.Debug|x86.Build.0 = Debug|Any CPU
		{E254D0A8-5C0E-4C4E-B77C-3FAE4363DE2F}.Release|Any CPU.ActiveCfg = Release|Any CPU
		{E254D0A8-5C0E-4C4E-B77C-3FAE4363DE2F}.Release|Any CPU.Build.0 = Release|Any CPU
		{E254D0A8-5C0E-4C4E-B77C-3FAE4363DE2F}.Release|x64.ActiveCfg = Release|Any CPU
		{E254D0A8-5C0E-4C4E-B77C-3FAE4363DE2F}.Release|x64.Build.0 = Release|Any CPU
		{E254D0A8-5C0E-4C4E-B77C-3FAE4363DE2F}.Release|x86.ActiveCfg = Release|Any CPU
		{E254D0A8-5C0E-4C4E-B77C-3FAE4363DE2F}.Release|x86.Build.0 = Release|Any CPU
		{1333E966-157B-463A-9E6A-5C52AC9C414A}.Debug|Any CPU.ActiveCfg = Debug|Any CPU
		{1333E966-157B-463A-9E6A-5C52AC9C414A}.Debug|Any CPU.Build.0 = Debug|Any CPU
		{1333E966-157B-463A-9E6A-5C52AC9C414A}.Debug|x64.ActiveCfg = Debug|Any CPU
		{1333E966-157B-463A-9E6A-5C52AC9C414A}.Debug|x64.Build.0 = Debug|Any CPU
		{1333E966-157B-463A-9E6A-5C52AC9C414A}.Debug|x86.ActiveCfg = Debug|Any CPU
		{1333E966-157B-463A-9E6A-5C52AC9C414A}.Debug|x86.Build.0 = Debug|Any CPU
		{1333E966-157B-463A-9E6A-5C52AC9C414A}.Release|Any CPU.ActiveCfg = Release|Any CPU
		{1333E966-157B-463A-9E6A-5C52AC9C414A}.Release|Any CPU.Build.0 = Release|Any CPU
		{1333E966-157B-463A-9E6A-5C52AC9C414A}.Release|x64.ActiveCfg = Release|Any CPU
		{1333E966-157B-463A-9E6A-5C52AC9C414A}.Release|x64.Build.0 = Release|Any CPU
		{1333E966-157B-463A-9E6A-5C52AC9C414A}.Release|x86.ActiveCfg = Release|Any CPU
		{1333E966-157B-463A-9E6A-5C52AC9C414A}.Release|x86.Build.0 = Release|Any CPU
		{4A3D074B-F171-432A-A4A9-EC0F137B9BA9}.Debug|Any CPU.ActiveCfg = Debug|Any CPU
		{4A3D074B-F171-432A-A4A9-EC0F137B9BA9}.Debug|Any CPU.Build.0 = Debug|Any CPU
		{4A3D074B-F171-432A-A4A9-EC0F137B9BA9}.Debug|x64.ActiveCfg = Debug|Any CPU
		{4A3D074B-F171-432A-A4A9-EC0F137B9BA9}.Debug|x64.Build.0 = Debug|Any CPU
		{4A3D074B-F171-432A-A4A9-EC0F137B9BA9}.Debug|x86.ActiveCfg = Debug|Any CPU
		{4A3D074B-F171-432A-A4A9-EC0F137B9BA9}.Debug|x86.Build.0 = Debug|Any CPU
		{4A3D074B-F171-432A-A4A9-EC0F137B9BA9}.Release|Any CPU.ActiveCfg = Release|Any CPU
		{4A3D074B-F171-432A-A4A9-EC0F137B9BA9}.Release|Any CPU.Build.0 = Release|Any CPU
		{4A3D074B-F171-432A-A4A9-EC0F137B9BA9}.Release|x64.ActiveCfg = Release|Any CPU
		{4A3D074B-F171-432A-A4A9-EC0F137B9BA9}.Release|x64.Build.0 = Release|Any CPU
		{4A3D074B-F171-432A-A4A9-EC0F137B9BA9}.Release|x86.ActiveCfg = Release|Any CPU
		{4A3D074B-F171-432A-A4A9-EC0F137B9BA9}.Release|x86.Build.0 = Release|Any CPU
		{A750BB8B-AD1A-483D-AA7E-5CAE4B077D64}.Debug|Any CPU.ActiveCfg = Debug|Any CPU
		{A750BB8B-AD1A-483D-AA7E-5CAE4B077D64}.Debug|Any CPU.Build.0 = Debug|Any CPU
		{A750BB8B-AD1A-483D-AA7E-5CAE4B077D64}.Debug|x64.ActiveCfg = Debug|Any CPU
		{A750BB8B-AD1A-483D-AA7E-5CAE4B077D64}.Debug|x64.Build.0 = Debug|Any CPU
		{A750BB8B-AD1A-483D-AA7E-5CAE4B077D64}.Debug|x86.ActiveCfg = Debug|Any CPU
		{A750BB8B-AD1A-483D-AA7E-5CAE4B077D64}.Debug|x86.Build.0 = Debug|Any CPU
		{A750BB8B-AD1A-483D-AA7E-5CAE4B077D64}.Release|Any CPU.ActiveCfg = Release|Any CPU
		{A750BB8B-AD1A-483D-AA7E-5CAE4B077D64}.Release|Any CPU.Build.0 = Release|Any CPU
		{A750BB8B-AD1A-483D-AA7E-5CAE4B077D64}.Release|x64.ActiveCfg = Release|Any CPU
		{A750BB8B-AD1A-483D-AA7E-5CAE4B077D64}.Release|x64.Build.0 = Release|Any CPU
		{A750BB8B-AD1A-483D-AA7E-5CAE4B077D64}.Release|x86.ActiveCfg = Release|Any CPU
		{A750BB8B-AD1A-483D-AA7E-5CAE4B077D64}.Release|x86.Build.0 = Release|Any CPU
		{1424FCAD-4F35-4392-92EF-8EFE20693D2B}.Debug|Any CPU.ActiveCfg = Debug|Any CPU
		{1424FCAD-4F35-4392-92EF-8EFE20693D2B}.Debug|Any CPU.Build.0 = Debug|Any CPU
		{1424FCAD-4F35-4392-92EF-8EFE20693D2B}.Debug|x64.ActiveCfg = Debug|Any CPU
		{1424FCAD-4F35-4392-92EF-8EFE20693D2B}.Debug|x64.Build.0 = Debug|Any CPU
		{1424FCAD-4F35-4392-92EF-8EFE20693D2B}.Debug|x86.ActiveCfg = Debug|Any CPU
		{1424FCAD-4F35-4392-92EF-8EFE20693D2B}.Debug|x86.Build.0 = Debug|Any CPU
		{1424FCAD-4F35-4392-92EF-8EFE20693D2B}.Release|Any CPU.ActiveCfg = Release|Any CPU
		{1424FCAD-4F35-4392-92EF-8EFE20693D2B}.Release|Any CPU.Build.0 = Release|Any CPU
		{1424FCAD-4F35-4392-92EF-8EFE20693D2B}.Release|x64.ActiveCfg = Release|Any CPU
		{1424FCAD-4F35-4392-92EF-8EFE20693D2B}.Release|x64.Build.0 = Release|Any CPU
		{1424FCAD-4F35-4392-92EF-8EFE20693D2B}.Release|x86.ActiveCfg = Release|Any CPU
		{1424FCAD-4F35-4392-92EF-8EFE20693D2B}.Release|x86.Build.0 = Release|Any CPU
		{BAC3AB55-7C4F-4F1F-A0C1-A936B55832AA}.Debug|Any CPU.ActiveCfg = Debug|Any CPU
		{BAC3AB55-7C4F-4F1F-A0C1-A936B55832AA}.Debug|Any CPU.Build.0 = Debug|Any CPU
		{BAC3AB55-7C4F-4F1F-A0C1-A936B55832AA}.Debug|x64.ActiveCfg = Debug|Any CPU
		{BAC3AB55-7C4F-4F1F-A0C1-A936B55832AA}.Debug|x64.Build.0 = Debug|Any CPU
		{BAC3AB55-7C4F-4F1F-A0C1-A936B55832AA}.Debug|x86.ActiveCfg = Debug|Any CPU
		{BAC3AB55-7C4F-4F1F-A0C1-A936B55832AA}.Debug|x86.Build.0 = Debug|Any CPU
		{BAC3AB55-7C4F-4F1F-A0C1-A936B55832AA}.Release|Any CPU.ActiveCfg = Release|Any CPU
		{BAC3AB55-7C4F-4F1F-A0C1-A936B55832AA}.Release|Any CPU.Build.0 = Release|Any CPU
		{BAC3AB55-7C4F-4F1F-A0C1-A936B55832AA}.Release|x64.ActiveCfg = Release|Any CPU
		{BAC3AB55-7C4F-4F1F-A0C1-A936B55832AA}.Release|x64.Build.0 = Release|Any CPU
		{BAC3AB55-7C4F-4F1F-A0C1-A936B55832AA}.Release|x86.ActiveCfg = Release|Any CPU
		{BAC3AB55-7C4F-4F1F-A0C1-A936B55832AA}.Release|x86.Build.0 = Release|Any CPU
		{25D49D40-19B6-4502-AF2F-3F8E836A652A}.Debug|Any CPU.ActiveCfg = Debug|Any CPU
		{25D49D40-19B6-4502-AF2F-3F8E836A652A}.Debug|Any CPU.Build.0 = Debug|Any CPU
		{25D49D40-19B6-4502-AF2F-3F8E836A652A}.Debug|x64.ActiveCfg = Debug|Any CPU
		{25D49D40-19B6-4502-AF2F-3F8E836A652A}.Debug|x64.Build.0 = Debug|Any CPU
		{25D49D40-19B6-4502-AF2F-3F8E836A652A}.Debug|x86.ActiveCfg = Debug|Any CPU
		{25D49D40-19B6-4502-AF2F-3F8E836A652A}.Debug|x86.Build.0 = Debug|Any CPU
		{25D49D40-19B6-4502-AF2F-3F8E836A652A}.Release|Any CPU.ActiveCfg = Release|Any CPU
		{25D49D40-19B6-4502-AF2F-3F8E836A652A}.Release|Any CPU.Build.0 = Release|Any CPU
		{25D49D40-19B6-4502-AF2F-3F8E836A652A}.Release|x64.ActiveCfg = Release|Any CPU
		{25D49D40-19B6-4502-AF2F-3F8E836A652A}.Release|x64.Build.0 = Release|Any CPU
		{25D49D40-19B6-4502-AF2F-3F8E836A652A}.Release|x86.ActiveCfg = Release|Any CPU
		{25D49D40-19B6-4502-AF2F-3F8E836A652A}.Release|x86.Build.0 = Release|Any CPU
		{42B76213-A8A0-4850-841B-5A32D1385348}.Debug|Any CPU.ActiveCfg = Debug|Any CPU
		{42B76213-A8A0-4850-841B-5A32D1385348}.Debug|Any CPU.Build.0 = Debug|Any CPU
		{42B76213-A8A0-4850-841B-5A32D1385348}.Debug|x64.ActiveCfg = Debug|Any CPU
		{42B76213-A8A0-4850-841B-5A32D1385348}.Debug|x64.Build.0 = Debug|Any CPU
		{42B76213-A8A0-4850-841B-5A32D1385348}.Debug|x86.ActiveCfg = Debug|Any CPU
		{42B76213-A8A0-4850-841B-5A32D1385348}.Debug|x86.Build.0 = Debug|Any CPU
		{42B76213-A8A0-4850-841B-5A32D1385348}.Release|Any CPU.ActiveCfg = Release|Any CPU
		{42B76213-A8A0-4850-841B-5A32D1385348}.Release|Any CPU.Build.0 = Release|Any CPU
		{42B76213-A8A0-4850-841B-5A32D1385348}.Release|x64.ActiveCfg = Release|Any CPU
		{42B76213-A8A0-4850-841B-5A32D1385348}.Release|x64.Build.0 = Release|Any CPU
		{42B76213-A8A0-4850-841B-5A32D1385348}.Release|x86.ActiveCfg = Release|Any CPU
		{42B76213-A8A0-4850-841B-5A32D1385348}.Release|x86.Build.0 = Release|Any CPU
		{FF8AAD85-1446-45B0-9A16-4C3DBE2671C3}.Debug|Any CPU.ActiveCfg = Debug|Any CPU
		{FF8AAD85-1446-45B0-9A16-4C3DBE2671C3}.Debug|Any CPU.Build.0 = Debug|Any CPU
		{FF8AAD85-1446-45B0-9A16-4C3DBE2671C3}.Debug|x64.ActiveCfg = Debug|Any CPU
		{FF8AAD85-1446-45B0-9A16-4C3DBE2671C3}.Debug|x64.Build.0 = Debug|Any CPU
		{FF8AAD85-1446-45B0-9A16-4C3DBE2671C3}.Debug|x86.ActiveCfg = Debug|Any CPU
		{FF8AAD85-1446-45B0-9A16-4C3DBE2671C3}.Debug|x86.Build.0 = Debug|Any CPU
		{FF8AAD85-1446-45B0-9A16-4C3DBE2671C3}.Release|Any CPU.ActiveCfg = Release|Any CPU
		{FF8AAD85-1446-45B0-9A16-4C3DBE2671C3}.Release|Any CPU.Build.0 = Release|Any CPU
		{FF8AAD85-1446-45B0-9A16-4C3DBE2671C3}.Release|x64.ActiveCfg = Release|Any CPU
		{FF8AAD85-1446-45B0-9A16-4C3DBE2671C3}.Release|x64.Build.0 = Release|Any CPU
		{FF8AAD85-1446-45B0-9A16-4C3DBE2671C3}.Release|x86.ActiveCfg = Release|Any CPU
		{FF8AAD85-1446-45B0-9A16-4C3DBE2671C3}.Release|x86.Build.0 = Release|Any CPU
		{84E9E519-22AB-4296-B463-84F8AEA8BCE6}.Debug|Any CPU.ActiveCfg = Debug|Any CPU
		{84E9E519-22AB-4296-B463-84F8AEA8BCE6}.Debug|Any CPU.Build.0 = Debug|Any CPU
		{84E9E519-22AB-4296-B463-84F8AEA8BCE6}.Debug|x64.ActiveCfg = Debug|Any CPU
		{84E9E519-22AB-4296-B463-84F8AEA8BCE6}.Debug|x64.Build.0 = Debug|Any CPU
		{84E9E519-22AB-4296-B463-84F8AEA8BCE6}.Debug|x86.ActiveCfg = Debug|Any CPU
		{84E9E519-22AB-4296-B463-84F8AEA8BCE6}.Debug|x86.Build.0 = Debug|Any CPU
		{84E9E519-22AB-4296-B463-84F8AEA8BCE6}.Release|Any CPU.ActiveCfg = Release|Any CPU
		{84E9E519-22AB-4296-B463-84F8AEA8BCE6}.Release|Any CPU.Build.0 = Release|Any CPU
		{84E9E519-22AB-4296-B463-84F8AEA8BCE6}.Release|x64.ActiveCfg = Release|Any CPU
		{84E9E519-22AB-4296-B463-84F8AEA8BCE6}.Release|x64.Build.0 = Release|Any CPU
		{84E9E519-22AB-4296-B463-84F8AEA8BCE6}.Release|x86.ActiveCfg = Release|Any CPU
		{84E9E519-22AB-4296-B463-84F8AEA8BCE6}.Release|x86.Build.0 = Release|Any CPU
		{296344A9-9391-4154-88A3-5C3AEED02739}.Debug|Any CPU.ActiveCfg = Debug|Any CPU
		{296344A9-9391-4154-88A3-5C3AEED02739}.Debug|Any CPU.Build.0 = Debug|Any CPU
		{296344A9-9391-4154-88A3-5C3AEED02739}.Debug|x64.ActiveCfg = Debug|Any CPU
		{296344A9-9391-4154-88A3-5C3AEED02739}.Debug|x64.Build.0 = Debug|Any CPU
		{296344A9-9391-4154-88A3-5C3AEED02739}.Debug|x86.ActiveCfg = Debug|Any CPU
		{296344A9-9391-4154-88A3-5C3AEED02739}.Debug|x86.Build.0 = Debug|Any CPU
		{296344A9-9391-4154-88A3-5C3AEED02739}.Release|Any CPU.ActiveCfg = Release|Any CPU
		{296344A9-9391-4154-88A3-5C3AEED02739}.Release|Any CPU.Build.0 = Release|Any CPU
		{296344A9-9391-4154-88A3-5C3AEED02739}.Release|x64.ActiveCfg = Release|Any CPU
		{296344A9-9391-4154-88A3-5C3AEED02739}.Release|x64.Build.0 = Release|Any CPU
		{296344A9-9391-4154-88A3-5C3AEED02739}.Release|x86.ActiveCfg = Release|Any CPU
		{296344A9-9391-4154-88A3-5C3AEED02739}.Release|x86.Build.0 = Release|Any CPU
		{8B3DC4A9-8336-4F48-B1B6-94C18A5664D4}.Debug|Any CPU.ActiveCfg = Debug|Any CPU
		{8B3DC4A9-8336-4F48-B1B6-94C18A5664D4}.Debug|Any CPU.Build.0 = Debug|Any CPU
		{8B3DC4A9-8336-4F48-B1B6-94C18A5664D4}.Debug|x64.ActiveCfg = Debug|Any CPU
		{8B3DC4A9-8336-4F48-B1B6-94C18A5664D4}.Debug|x64.Build.0 = Debug|Any CPU
		{8B3DC4A9-8336-4F48-B1B6-94C18A5664D4}.Debug|x86.ActiveCfg = Debug|Any CPU
		{8B3DC4A9-8336-4F48-B1B6-94C18A5664D4}.Debug|x86.Build.0 = Debug|Any CPU
		{8B3DC4A9-8336-4F48-B1B6-94C18A5664D4}.Release|Any CPU.ActiveCfg = Release|Any CPU
		{8B3DC4A9-8336-4F48-B1B6-94C18A5664D4}.Release|Any CPU.Build.0 = Release|Any CPU
		{8B3DC4A9-8336-4F48-B1B6-94C18A5664D4}.Release|x64.ActiveCfg = Release|Any CPU
		{8B3DC4A9-8336-4F48-B1B6-94C18A5664D4}.Release|x64.Build.0 = Release|Any CPU
		{8B3DC4A9-8336-4F48-B1B6-94C18A5664D4}.Release|x86.ActiveCfg = Release|Any CPU
		{8B3DC4A9-8336-4F48-B1B6-94C18A5664D4}.Release|x86.Build.0 = Release|Any CPU
		{7C02E2CA-5E40-473D-AA88-5C86752BAF32}.Debug|Any CPU.ActiveCfg = Debug|Any CPU
		{7C02E2CA-5E40-473D-AA88-5C86752BAF32}.Debug|Any CPU.Build.0 = Debug|Any CPU
		{7C02E2CA-5E40-473D-AA88-5C86752BAF32}.Debug|x64.ActiveCfg = Debug|Any CPU
		{7C02E2CA-5E40-473D-AA88-5C86752BAF32}.Debug|x64.Build.0 = Debug|Any CPU
		{7C02E2CA-5E40-473D-AA88-5C86752BAF32}.Debug|x86.ActiveCfg = Debug|Any CPU
		{7C02E2CA-5E40-473D-AA88-5C86752BAF32}.Debug|x86.Build.0 = Debug|Any CPU
		{7C02E2CA-5E40-473D-AA88-5C86752BAF32}.Release|Any CPU.ActiveCfg = Release|Any CPU
		{7C02E2CA-5E40-473D-AA88-5C86752BAF32}.Release|Any CPU.Build.0 = Release|Any CPU
		{7C02E2CA-5E40-473D-AA88-5C86752BAF32}.Release|x64.ActiveCfg = Release|Any CPU
		{7C02E2CA-5E40-473D-AA88-5C86752BAF32}.Release|x64.Build.0 = Release|Any CPU
		{7C02E2CA-5E40-473D-AA88-5C86752BAF32}.Release|x86.ActiveCfg = Release|Any CPU
		{7C02E2CA-5E40-473D-AA88-5C86752BAF32}.Release|x86.Build.0 = Release|Any CPU
		{927769EA-A3ED-4A46-906A-F82E3583D6E9}.Debug|Any CPU.ActiveCfg = Debug|Any CPU
		{927769EA-A3ED-4A46-906A-F82E3583D6E9}.Debug|Any CPU.Build.0 = Debug|Any CPU
		{927769EA-A3ED-4A46-906A-F82E3583D6E9}.Debug|x64.ActiveCfg = Debug|Any CPU
		{927769EA-A3ED-4A46-906A-F82E3583D6E9}.Debug|x64.Build.0 = Debug|Any CPU
		{927769EA-A3ED-4A46-906A-F82E3583D6E9}.Debug|x86.ActiveCfg = Debug|Any CPU
		{927769EA-A3ED-4A46-906A-F82E3583D6E9}.Debug|x86.Build.0 = Debug|Any CPU
		{927769EA-A3ED-4A46-906A-F82E3583D6E9}.Release|Any CPU.ActiveCfg = Release|Any CPU
		{927769EA-A3ED-4A46-906A-F82E3583D6E9}.Release|Any CPU.Build.0 = Release|Any CPU
		{927769EA-A3ED-4A46-906A-F82E3583D6E9}.Release|x64.ActiveCfg = Release|Any CPU
		{927769EA-A3ED-4A46-906A-F82E3583D6E9}.Release|x64.Build.0 = Release|Any CPU
		{927769EA-A3ED-4A46-906A-F82E3583D6E9}.Release|x86.ActiveCfg = Release|Any CPU
		{927769EA-A3ED-4A46-906A-F82E3583D6E9}.Release|x86.Build.0 = Release|Any CPU
		{FA4447E1-09E5-4F0A-B3DD-B0157B62BF0A}.Debug|Any CPU.ActiveCfg = Debug|Any CPU
		{FA4447E1-09E5-4F0A-B3DD-B0157B62BF0A}.Debug|Any CPU.Build.0 = Debug|Any CPU
		{FA4447E1-09E5-4F0A-B3DD-B0157B62BF0A}.Debug|x64.ActiveCfg = Debug|Any CPU
		{FA4447E1-09E5-4F0A-B3DD-B0157B62BF0A}.Debug|x64.Build.0 = Debug|Any CPU
		{FA4447E1-09E5-4F0A-B3DD-B0157B62BF0A}.Debug|x86.ActiveCfg = Debug|Any CPU
		{FA4447E1-09E5-4F0A-B3DD-B0157B62BF0A}.Debug|x86.Build.0 = Debug|Any CPU
		{FA4447E1-09E5-4F0A-B3DD-B0157B62BF0A}.Release|Any CPU.ActiveCfg = Release|Any CPU
		{FA4447E1-09E5-4F0A-B3DD-B0157B62BF0A}.Release|Any CPU.Build.0 = Release|Any CPU
		{FA4447E1-09E5-4F0A-B3DD-B0157B62BF0A}.Release|x64.ActiveCfg = Release|Any CPU
		{FA4447E1-09E5-4F0A-B3DD-B0157B62BF0A}.Release|x64.Build.0 = Release|Any CPU
		{FA4447E1-09E5-4F0A-B3DD-B0157B62BF0A}.Release|x86.ActiveCfg = Release|Any CPU
		{FA4447E1-09E5-4F0A-B3DD-B0157B62BF0A}.Release|x86.Build.0 = Release|Any CPU
		{1EC9E918-76BA-4D46-B984-6914B2CF2204}.Debug|Any CPU.ActiveCfg = Debug|Any CPU
		{1EC9E918-76BA-4D46-B984-6914B2CF2204}.Debug|Any CPU.Build.0 = Debug|Any CPU
		{1EC9E918-76BA-4D46-B984-6914B2CF2204}.Debug|x64.ActiveCfg = Debug|Any CPU
		{1EC9E918-76BA-4D46-B984-6914B2CF2204}.Debug|x64.Build.0 = Debug|Any CPU
		{1EC9E918-76BA-4D46-B984-6914B2CF2204}.Debug|x86.ActiveCfg = Debug|Any CPU
		{1EC9E918-76BA-4D46-B984-6914B2CF2204}.Debug|x86.Build.0 = Debug|Any CPU
		{1EC9E918-76BA-4D46-B984-6914B2CF2204}.Release|Any CPU.ActiveCfg = Release|Any CPU
		{1EC9E918-76BA-4D46-B984-6914B2CF2204}.Release|Any CPU.Build.0 = Release|Any CPU
		{1EC9E918-76BA-4D46-B984-6914B2CF2204}.Release|x64.ActiveCfg = Release|Any CPU
		{1EC9E918-76BA-4D46-B984-6914B2CF2204}.Release|x64.Build.0 = Release|Any CPU
		{1EC9E918-76BA-4D46-B984-6914B2CF2204}.Release|x86.ActiveCfg = Release|Any CPU
		{1EC9E918-76BA-4D46-B984-6914B2CF2204}.Release|x86.Build.0 = Release|Any CPU
		{BC915815-AD09-4326-AE70-6B31CEEBF89D}.Debug|Any CPU.ActiveCfg = Debug|Any CPU
		{BC915815-AD09-4326-AE70-6B31CEEBF89D}.Debug|Any CPU.Build.0 = Debug|Any CPU
		{BC915815-AD09-4326-AE70-6B31CEEBF89D}.Debug|x64.ActiveCfg = Debug|Any CPU
		{BC915815-AD09-4326-AE70-6B31CEEBF89D}.Debug|x64.Build.0 = Debug|Any CPU
		{BC915815-AD09-4326-AE70-6B31CEEBF89D}.Debug|x86.ActiveCfg = Debug|Any CPU
		{BC915815-AD09-4326-AE70-6B31CEEBF89D}.Debug|x86.Build.0 = Debug|Any CPU
		{BC915815-AD09-4326-AE70-6B31CEEBF89D}.Release|Any CPU.ActiveCfg = Release|Any CPU
		{BC915815-AD09-4326-AE70-6B31CEEBF89D}.Release|Any CPU.Build.0 = Release|Any CPU
		{BC915815-AD09-4326-AE70-6B31CEEBF89D}.Release|x64.ActiveCfg = Release|Any CPU
		{BC915815-AD09-4326-AE70-6B31CEEBF89D}.Release|x64.Build.0 = Release|Any CPU
		{BC915815-AD09-4326-AE70-6B31CEEBF89D}.Release|x86.ActiveCfg = Release|Any CPU
		{BC915815-AD09-4326-AE70-6B31CEEBF89D}.Release|x86.Build.0 = Release|Any CPU
	EndGlobalSection
	GlobalSection(SolutionProperties) = preSolution
		HideSolutionNode = FALSE
	EndGlobalSection
	GlobalSection(NestedProjects) = preSolution
		{516D755E-DA02-41CE-95A5-23D54691B642} = {14BE8958-5499-473F-A45E-46C47EACF7C1}
		{A8506BCB-2870-4DDF-915C-369EF0CD8136} = {8AC71827-78FD-4A6C-97C7-3E4378AFB568}
		{2C1B2C4E-5C9C-4C2D-8662-D442132B2F44} = {8AC71827-78FD-4A6C-97C7-3E4378AFB568}
		{A2C429C9-A544-4D70-975A-050654D4D1D2} = {8AC71827-78FD-4A6C-97C7-3E4378AFB568}
		{7D90ECC9-BEFA-444F-879B-47765894B5E6} = {8AC71827-78FD-4A6C-97C7-3E4378AFB568}
		{73D78B96-51EE-4F86-8BFE-F57B2930CA5E} = {8AC71827-78FD-4A6C-97C7-3E4378AFB568}
		{4E0E1018-4285-4CF4-A80B-535D45D42F4B} = {14BE8958-5499-473F-A45E-46C47EACF7C1}
		{E8C11041-064F-41BC-9F6D-52B96ADD091A} = {14BE8958-5499-473F-A45E-46C47EACF7C1}
		{00230F4E-E1C9-4AA4-A4BF-1DA8A7A0F119} = {14BE8958-5499-473F-A45E-46C47EACF7C1}
		{1CF96BD2-7478-431F-8FE7-CFD5B604B43E} = {14BE8958-5499-473F-A45E-46C47EACF7C1}
		{1149F93E-2A4F-4465-8BA8-30774E94C753} = {8AC71827-78FD-4A6C-97C7-3E4378AFB568}
		{D71F91EC-4C46-486A-969D-CF653214E31B} = {8AC71827-78FD-4A6C-97C7-3E4378AFB568}
		{E7E9871A-A2E7-43C7-9AF2-CEFDD3B8A6BD} = {8AC71827-78FD-4A6C-97C7-3E4378AFB568}
		{1624855F-34ED-4F94-9A80-F88E59F31FB8} = {8AC71827-78FD-4A6C-97C7-3E4378AFB568}
		{8E087F1D-1B52-47FE-9BA9-0768AFA4F3E5} = {14BE8958-5499-473F-A45E-46C47EACF7C1}
		{BEACB54E-38B3-4F91-A6BA-BF89341D6320} = {8AC71827-78FD-4A6C-97C7-3E4378AFB568}
		{5E683DE3-8963-477E-BFBD-D1C5A1D20B2D} = {14BE8958-5499-473F-A45E-46C47EACF7C1}
		{14C3C61F-1BC8-4D86-BA01-5F98BFF7F4D1} = {8AC71827-78FD-4A6C-97C7-3E4378AFB568}
		{DE2F9213-1AA8-49E2-9773-A9E2BBAE68AB} = {14BE8958-5499-473F-A45E-46C47EACF7C1}
		{3351FB43-629E-4BDF-A0BC-C6C05793D5E5} = {8AC71827-78FD-4A6C-97C7-3E4378AFB568}
		{F9A251F2-F948-46E7-A158-711FE83BC57A} = {14BE8958-5499-473F-A45E-46C47EACF7C1}
		{72D54C3D-3BBA-4AA6-A9D6-C2382F1581C4} = {8AC71827-78FD-4A6C-97C7-3E4378AFB568}
		{31802822-8492-452E-B7F2-59339D2A3423} = {8AC71827-78FD-4A6C-97C7-3E4378AFB568}
		{CAAA9746-4C40-4705-92A3-A159041C4404} = {14BE8958-5499-473F-A45E-46C47EACF7C1}
		{53BE5F05-9C72-4A26-9634-09A062C553AF} = {8AC71827-78FD-4A6C-97C7-3E4378AFB568}
		{E254D0A8-5C0E-4C4E-B77C-3FAE4363DE2F} = {14BE8958-5499-473F-A45E-46C47EACF7C1}
		{1333E966-157B-463A-9E6A-5C52AC9C414A} = {14BE8958-5499-473F-A45E-46C47EACF7C1}
		{4A3D074B-F171-432A-A4A9-EC0F137B9BA9} = {14BE8958-5499-473F-A45E-46C47EACF7C1}
		{A750BB8B-AD1A-483D-AA7E-5CAE4B077D64} = {8AC71827-78FD-4A6C-97C7-3E4378AFB568}
		{1424FCAD-4F35-4392-92EF-8EFE20693D2B} = {A8506BCB-2870-4DDF-915C-369EF0CD8136}
		{BAC3AB55-7C4F-4F1F-A0C1-A936B55832AA} = {A8506BCB-2870-4DDF-915C-369EF0CD8136}
		{25D49D40-19B6-4502-AF2F-3F8E836A652A} = {A8506BCB-2870-4DDF-915C-369EF0CD8136}
		{42B76213-A8A0-4850-841B-5A32D1385348} = {A8506BCB-2870-4DDF-915C-369EF0CD8136}
		{FF8AAD85-1446-45B0-9A16-4C3DBE2671C3} = {A8506BCB-2870-4DDF-915C-369EF0CD8136}
		{84E9E519-22AB-4296-B463-84F8AEA8BCE6} = {14BE8958-5499-473F-A45E-46C47EACF7C1}
		{296344A9-9391-4154-88A3-5C3AEED02739} = {8AC71827-78FD-4A6C-97C7-3E4378AFB568}
		{8B3DC4A9-8336-4F48-B1B6-94C18A5664D4} = {14BE8958-5499-473F-A45E-46C47EACF7C1}
		{7C02E2CA-5E40-473D-AA88-5C86752BAF32} = {14BE8958-5499-473F-A45E-46C47EACF7C1}
		{927769EA-A3ED-4A46-906A-F82E3583D6E9} = {14BE8958-5499-473F-A45E-46C47EACF7C1}
		{FA4447E1-09E5-4F0A-B3DD-B0157B62BF0A} = {8AC71827-78FD-4A6C-97C7-3E4378AFB568}
		{1EC9E918-76BA-4D46-B984-6914B2CF2204} = {14BE8958-5499-473F-A45E-46C47EACF7C1}
		{BC915815-AD09-4326-AE70-6B31CEEBF89D} = {14BE8958-5499-473F-A45E-46C47EACF7C1}
	EndGlobalSection
	GlobalSection(ExtensibilityGlobals) = postSolution
		SolutionGuid = {8BB4EF8D-31A9-4DBC-AD9F-164CF6C083B6}
	EndGlobalSection
EndGlobal
