
Microsoft Visual Studio Solution File, Format Version 12.00
# Visual Studio Version 16
VisualStudioVersion = 16.0.30011.22
MinimumVisualStudioVersion = 15.0.26124.0
Project("{9A19103F-16F7-4668-BE54-9A1E7A4F7556}") = "IceRpc", "src\IceRpc\IceRpc.csproj", "{516D755E-DA02-41CE-95A5-23D54691B642}"
EndProject
Project("{9A19103F-16F7-4668-BE54-9A1E7A4F7556}") = "IceRpc.Tests.Api", "tests\IceRpc.Tests.Api\IceRpc.Tests.Api.csproj", "{434AC405-D3A7-4BDC-A811-B1BA32D3273B}"
EndProject
Project("{2150E333-8FDC-42A3-9474-1A3956D46DE8}") = "tests", "tests", "{8AC71827-78FD-4A6C-97C7-3E4378AFB568}"
EndProject
Project("{9A19103F-16F7-4668-BE54-9A1E7A4F7556}") = "IceRpc.Tests.SliceInternal", "tests\IceRpc.Tests.SliceInternal\IceRpc.Tests.SliceInternal.csproj", "{181BEF33-340F-4D67-94A4-47ED0753F243}"
EndProject
Project("{9A19103F-16F7-4668-BE54-9A1E7A4F7556}") = "IceRpc.Tests.Slice", "tests\IceRpc.Tests.Slice\IceRpc.Tests.Slice.csproj", "{30B4F34B-F2DB-4355-BBCD-0E8EB449ACFE}"
EndProject
Project("{2150E333-8FDC-42A3-9474-1A3956D46DE8}") = "src", "src", "{14BE8958-5499-473F-A45E-46C47EACF7C1}"
EndProject
Project("{9A19103F-16F7-4668-BE54-9A1E7A4F7556}") = "IceRpc.Tests.ClientServer", "tests\IceRpc.Tests.ClientServer\IceRpc.Tests.ClientServer.csproj", "{4F0C6B9D-A3CA-4DB8-A7E7-45F0CB227C01}"
EndProject
Project("{9A19103F-16F7-4668-BE54-9A1E7A4F7556}") = "IceRpc.Tests.Internal", "tests\IceRpc.Tests.Internal\IceRpc.Tests.Internal.csproj", "{37564EEE-6BC5-46B6-8276-1645963B025D}"
EndProject
Project("{2150E333-8FDC-42A3-9474-1A3956D46DE8}") = "assemblies", "assemblies", "{A8506BCB-2870-4DDF-915C-369EF0CD8136}"
EndProject
Project("{9A19103F-16F7-4668-BE54-9A1E7A4F7556}") = "A", "tests\IceRpc.Tests.ReferencedAssemblies\A\A.csproj", "{1D02A8F0-EE46-4DFC-B6D9-1A95CD69D51B}"
EndProject
Project("{9A19103F-16F7-4668-BE54-9A1E7A4F7556}") = "B", "tests\IceRpc.Tests.ReferencedAssemblies\B\B.csproj", "{D143CC04-B3E6-46E2-893E-1005BEAA31B2}"
EndProject
Project("{9A19103F-16F7-4668-BE54-9A1E7A4F7556}") = "C", "tests\IceRpc.Tests.ReferencedAssemblies\C\C.csproj", "{5C3BED1D-148F-446A-9292-E2DC4AAB5AA0}"
EndProject
Project("{9A19103F-16F7-4668-BE54-9A1E7A4F7556}") = "D", "tests\IceRpc.Tests.ReferencedAssemblies\D\D.csproj", "{127D72EB-69EA-4A1E-B2D5-F9634DFD215C}"
EndProject
Project("{9A19103F-16F7-4668-BE54-9A1E7A4F7556}") = "IceRpc.Interop", "src\IceRpc.Interop\IceRpc.Interop.csproj", "{6A2CC23F-9646-44D2-A3A0-31A5F653344E}"
EndProject
Global
	GlobalSection(SolutionConfigurationPlatforms) = preSolution
		Debug|Any CPU = Debug|Any CPU
		Debug|x64 = Debug|x64
		Debug|x86 = Debug|x86
		Release|Any CPU = Release|Any CPU
		Release|x64 = Release|x64
		Release|x86 = Release|x86
	EndGlobalSection
	GlobalSection(ProjectConfigurationPlatforms) = postSolution
		{516D755E-DA02-41CE-95A5-23D54691B642}.Debug|Any CPU.ActiveCfg = Debug|Any CPU
		{516D755E-DA02-41CE-95A5-23D54691B642}.Debug|Any CPU.Build.0 = Debug|Any CPU
		{516D755E-DA02-41CE-95A5-23D54691B642}.Debug|x64.ActiveCfg = Debug|Any CPU
		{516D755E-DA02-41CE-95A5-23D54691B642}.Debug|x64.Build.0 = Debug|Any CPU
		{516D755E-DA02-41CE-95A5-23D54691B642}.Debug|x86.ActiveCfg = Debug|Any CPU
		{516D755E-DA02-41CE-95A5-23D54691B642}.Debug|x86.Build.0 = Debug|Any CPU
		{516D755E-DA02-41CE-95A5-23D54691B642}.Release|Any CPU.ActiveCfg = Release|Any CPU
		{516D755E-DA02-41CE-95A5-23D54691B642}.Release|Any CPU.Build.0 = Release|Any CPU
		{516D755E-DA02-41CE-95A5-23D54691B642}.Release|x64.ActiveCfg = Release|Any CPU
		{516D755E-DA02-41CE-95A5-23D54691B642}.Release|x64.Build.0 = Release|Any CPU
		{516D755E-DA02-41CE-95A5-23D54691B642}.Release|x86.ActiveCfg = Release|Any CPU
		{516D755E-DA02-41CE-95A5-23D54691B642}.Release|x86.Build.0 = Release|Any CPU
		{434AC405-D3A7-4BDC-A811-B1BA32D3273B}.Debug|Any CPU.ActiveCfg = Debug|Any CPU
		{434AC405-D3A7-4BDC-A811-B1BA32D3273B}.Debug|Any CPU.Build.0 = Debug|Any CPU
		{434AC405-D3A7-4BDC-A811-B1BA32D3273B}.Debug|x64.ActiveCfg = Debug|Any CPU
		{434AC405-D3A7-4BDC-A811-B1BA32D3273B}.Debug|x64.Build.0 = Debug|Any CPU
		{434AC405-D3A7-4BDC-A811-B1BA32D3273B}.Debug|x86.ActiveCfg = Debug|Any CPU
		{434AC405-D3A7-4BDC-A811-B1BA32D3273B}.Debug|x86.Build.0 = Debug|Any CPU
		{434AC405-D3A7-4BDC-A811-B1BA32D3273B}.Release|Any CPU.ActiveCfg = Release|Any CPU
		{434AC405-D3A7-4BDC-A811-B1BA32D3273B}.Release|Any CPU.Build.0 = Release|Any CPU
		{434AC405-D3A7-4BDC-A811-B1BA32D3273B}.Release|x64.ActiveCfg = Release|Any CPU
		{434AC405-D3A7-4BDC-A811-B1BA32D3273B}.Release|x64.Build.0 = Release|Any CPU
		{434AC405-D3A7-4BDC-A811-B1BA32D3273B}.Release|x86.ActiveCfg = Release|Any CPU
		{434AC405-D3A7-4BDC-A811-B1BA32D3273B}.Release|x86.Build.0 = Release|Any CPU
		{181BEF33-340F-4D67-94A4-47ED0753F243}.Debug|Any CPU.ActiveCfg = Debug|Any CPU
		{181BEF33-340F-4D67-94A4-47ED0753F243}.Debug|Any CPU.Build.0 = Debug|Any CPU
		{181BEF33-340F-4D67-94A4-47ED0753F243}.Debug|x64.ActiveCfg = Debug|Any CPU
		{181BEF33-340F-4D67-94A4-47ED0753F243}.Debug|x64.Build.0 = Debug|Any CPU
		{181BEF33-340F-4D67-94A4-47ED0753F243}.Debug|x86.ActiveCfg = Debug|Any CPU
		{181BEF33-340F-4D67-94A4-47ED0753F243}.Debug|x86.Build.0 = Debug|Any CPU
		{181BEF33-340F-4D67-94A4-47ED0753F243}.Release|Any CPU.ActiveCfg = Release|Any CPU
		{181BEF33-340F-4D67-94A4-47ED0753F243}.Release|Any CPU.Build.0 = Release|Any CPU
		{181BEF33-340F-4D67-94A4-47ED0753F243}.Release|x64.ActiveCfg = Release|Any CPU
		{181BEF33-340F-4D67-94A4-47ED0753F243}.Release|x64.Build.0 = Release|Any CPU
		{181BEF33-340F-4D67-94A4-47ED0753F243}.Release|x86.ActiveCfg = Release|Any CPU
		{181BEF33-340F-4D67-94A4-47ED0753F243}.Release|x86.Build.0 = Release|Any CPU
		{30B4F34B-F2DB-4355-BBCD-0E8EB449ACFE}.Debug|Any CPU.ActiveCfg = Debug|Any CPU
		{30B4F34B-F2DB-4355-BBCD-0E8EB449ACFE}.Debug|Any CPU.Build.0 = Debug|Any CPU
		{30B4F34B-F2DB-4355-BBCD-0E8EB449ACFE}.Debug|x64.ActiveCfg = Debug|Any CPU
		{30B4F34B-F2DB-4355-BBCD-0E8EB449ACFE}.Debug|x64.Build.0 = Debug|Any CPU
		{30B4F34B-F2DB-4355-BBCD-0E8EB449ACFE}.Debug|x86.ActiveCfg = Debug|Any CPU
		{30B4F34B-F2DB-4355-BBCD-0E8EB449ACFE}.Debug|x86.Build.0 = Debug|Any CPU
		{30B4F34B-F2DB-4355-BBCD-0E8EB449ACFE}.Release|Any CPU.ActiveCfg = Release|Any CPU
		{30B4F34B-F2DB-4355-BBCD-0E8EB449ACFE}.Release|Any CPU.Build.0 = Release|Any CPU
		{30B4F34B-F2DB-4355-BBCD-0E8EB449ACFE}.Release|x64.ActiveCfg = Release|Any CPU
		{30B4F34B-F2DB-4355-BBCD-0E8EB449ACFE}.Release|x64.Build.0 = Release|Any CPU
		{30B4F34B-F2DB-4355-BBCD-0E8EB449ACFE}.Release|x86.ActiveCfg = Release|Any CPU
		{30B4F34B-F2DB-4355-BBCD-0E8EB449ACFE}.Release|x86.Build.0 = Release|Any CPU
		{4F0C6B9D-A3CA-4DB8-A7E7-45F0CB227C01}.Debug|Any CPU.ActiveCfg = Debug|Any CPU
		{4F0C6B9D-A3CA-4DB8-A7E7-45F0CB227C01}.Debug|Any CPU.Build.0 = Debug|Any CPU
		{4F0C6B9D-A3CA-4DB8-A7E7-45F0CB227C01}.Debug|x64.ActiveCfg = Debug|Any CPU
		{4F0C6B9D-A3CA-4DB8-A7E7-45F0CB227C01}.Debug|x64.Build.0 = Debug|Any CPU
		{4F0C6B9D-A3CA-4DB8-A7E7-45F0CB227C01}.Debug|x86.ActiveCfg = Debug|Any CPU
		{4F0C6B9D-A3CA-4DB8-A7E7-45F0CB227C01}.Debug|x86.Build.0 = Debug|Any CPU
		{4F0C6B9D-A3CA-4DB8-A7E7-45F0CB227C01}.Release|Any CPU.ActiveCfg = Release|Any CPU
		{4F0C6B9D-A3CA-4DB8-A7E7-45F0CB227C01}.Release|Any CPU.Build.0 = Release|Any CPU
		{4F0C6B9D-A3CA-4DB8-A7E7-45F0CB227C01}.Release|x64.ActiveCfg = Release|Any CPU
		{4F0C6B9D-A3CA-4DB8-A7E7-45F0CB227C01}.Release|x64.Build.0 = Release|Any CPU
		{4F0C6B9D-A3CA-4DB8-A7E7-45F0CB227C01}.Release|x86.ActiveCfg = Release|Any CPU
		{4F0C6B9D-A3CA-4DB8-A7E7-45F0CB227C01}.Release|x86.Build.0 = Release|Any CPU
		{37564EEE-6BC5-46B6-8276-1645963B025D}.Debug|Any CPU.ActiveCfg = Debug|Any CPU
		{37564EEE-6BC5-46B6-8276-1645963B025D}.Debug|Any CPU.Build.0 = Debug|Any CPU
		{37564EEE-6BC5-46B6-8276-1645963B025D}.Debug|x64.ActiveCfg = Debug|Any CPU
		{37564EEE-6BC5-46B6-8276-1645963B025D}.Debug|x64.Build.0 = Debug|Any CPU
		{37564EEE-6BC5-46B6-8276-1645963B025D}.Debug|x86.ActiveCfg = Debug|Any CPU
		{37564EEE-6BC5-46B6-8276-1645963B025D}.Debug|x86.Build.0 = Debug|Any CPU
		{37564EEE-6BC5-46B6-8276-1645963B025D}.Release|Any CPU.ActiveCfg = Release|Any CPU
		{37564EEE-6BC5-46B6-8276-1645963B025D}.Release|Any CPU.Build.0 = Release|Any CPU
		{37564EEE-6BC5-46B6-8276-1645963B025D}.Release|x64.ActiveCfg = Release|Any CPU
		{37564EEE-6BC5-46B6-8276-1645963B025D}.Release|x64.Build.0 = Release|Any CPU
		{37564EEE-6BC5-46B6-8276-1645963B025D}.Release|x86.ActiveCfg = Release|Any CPU
		{37564EEE-6BC5-46B6-8276-1645963B025D}.Release|x86.Build.0 = Release|Any CPU
		{1D02A8F0-EE46-4DFC-B6D9-1A95CD69D51B}.Debug|Any CPU.ActiveCfg = Debug|Any CPU
		{1D02A8F0-EE46-4DFC-B6D9-1A95CD69D51B}.Debug|Any CPU.Build.0 = Debug|Any CPU
		{1D02A8F0-EE46-4DFC-B6D9-1A95CD69D51B}.Debug|x64.ActiveCfg = Debug|Any CPU
		{1D02A8F0-EE46-4DFC-B6D9-1A95CD69D51B}.Debug|x64.Build.0 = Debug|Any CPU
		{1D02A8F0-EE46-4DFC-B6D9-1A95CD69D51B}.Debug|x86.ActiveCfg = Debug|Any CPU
		{1D02A8F0-EE46-4DFC-B6D9-1A95CD69D51B}.Debug|x86.Build.0 = Debug|Any CPU
		{1D02A8F0-EE46-4DFC-B6D9-1A95CD69D51B}.Release|Any CPU.ActiveCfg = Release|Any CPU
		{1D02A8F0-EE46-4DFC-B6D9-1A95CD69D51B}.Release|Any CPU.Build.0 = Release|Any CPU
		{1D02A8F0-EE46-4DFC-B6D9-1A95CD69D51B}.Release|x64.ActiveCfg = Release|Any CPU
		{1D02A8F0-EE46-4DFC-B6D9-1A95CD69D51B}.Release|x64.Build.0 = Release|Any CPU
		{1D02A8F0-EE46-4DFC-B6D9-1A95CD69D51B}.Release|x86.ActiveCfg = Release|Any CPU
		{1D02A8F0-EE46-4DFC-B6D9-1A95CD69D51B}.Release|x86.Build.0 = Release|Any CPU
		{D143CC04-B3E6-46E2-893E-1005BEAA31B2}.Debug|Any CPU.ActiveCfg = Debug|Any CPU
		{D143CC04-B3E6-46E2-893E-1005BEAA31B2}.Debug|Any CPU.Build.0 = Debug|Any CPU
		{D143CC04-B3E6-46E2-893E-1005BEAA31B2}.Debug|x64.ActiveCfg = Debug|Any CPU
		{D143CC04-B3E6-46E2-893E-1005BEAA31B2}.Debug|x64.Build.0 = Debug|Any CPU
		{D143CC04-B3E6-46E2-893E-1005BEAA31B2}.Debug|x86.ActiveCfg = Debug|Any CPU
		{D143CC04-B3E6-46E2-893E-1005BEAA31B2}.Debug|x86.Build.0 = Debug|Any CPU
		{D143CC04-B3E6-46E2-893E-1005BEAA31B2}.Release|Any CPU.ActiveCfg = Release|Any CPU
		{D143CC04-B3E6-46E2-893E-1005BEAA31B2}.Release|Any CPU.Build.0 = Release|Any CPU
		{D143CC04-B3E6-46E2-893E-1005BEAA31B2}.Release|x64.ActiveCfg = Release|Any CPU
		{D143CC04-B3E6-46E2-893E-1005BEAA31B2}.Release|x64.Build.0 = Release|Any CPU
		{D143CC04-B3E6-46E2-893E-1005BEAA31B2}.Release|x86.ActiveCfg = Release|Any CPU
		{D143CC04-B3E6-46E2-893E-1005BEAA31B2}.Release|x86.Build.0 = Release|Any CPU
		{5C3BED1D-148F-446A-9292-E2DC4AAB5AA0}.Debug|Any CPU.ActiveCfg = Debug|Any CPU
		{5C3BED1D-148F-446A-9292-E2DC4AAB5AA0}.Debug|Any CPU.Build.0 = Debug|Any CPU
		{5C3BED1D-148F-446A-9292-E2DC4AAB5AA0}.Debug|x64.ActiveCfg = Debug|Any CPU
		{5C3BED1D-148F-446A-9292-E2DC4AAB5AA0}.Debug|x64.Build.0 = Debug|Any CPU
		{5C3BED1D-148F-446A-9292-E2DC4AAB5AA0}.Debug|x86.ActiveCfg = Debug|Any CPU
		{5C3BED1D-148F-446A-9292-E2DC4AAB5AA0}.Debug|x86.Build.0 = Debug|Any CPU
		{5C3BED1D-148F-446A-9292-E2DC4AAB5AA0}.Release|Any CPU.ActiveCfg = Release|Any CPU
		{5C3BED1D-148F-446A-9292-E2DC4AAB5AA0}.Release|Any CPU.Build.0 = Release|Any CPU
		{5C3BED1D-148F-446A-9292-E2DC4AAB5AA0}.Release|x64.ActiveCfg = Release|Any CPU
		{5C3BED1D-148F-446A-9292-E2DC4AAB5AA0}.Release|x64.Build.0 = Release|Any CPU
		{5C3BED1D-148F-446A-9292-E2DC4AAB5AA0}.Release|x86.ActiveCfg = Release|Any CPU
		{5C3BED1D-148F-446A-9292-E2DC4AAB5AA0}.Release|x86.Build.0 = Release|Any CPU
		{127D72EB-69EA-4A1E-B2D5-F9634DFD215C}.Debug|Any CPU.ActiveCfg = Debug|Any CPU
		{127D72EB-69EA-4A1E-B2D5-F9634DFD215C}.Debug|Any CPU.Build.0 = Debug|Any CPU
		{127D72EB-69EA-4A1E-B2D5-F9634DFD215C}.Debug|x64.ActiveCfg = Debug|Any CPU
		{127D72EB-69EA-4A1E-B2D5-F9634DFD215C}.Debug|x64.Build.0 = Debug|Any CPU
		{127D72EB-69EA-4A1E-B2D5-F9634DFD215C}.Debug|x86.ActiveCfg = Debug|Any CPU
		{127D72EB-69EA-4A1E-B2D5-F9634DFD215C}.Debug|x86.Build.0 = Debug|Any CPU
		{127D72EB-69EA-4A1E-B2D5-F9634DFD215C}.Release|Any CPU.ActiveCfg = Release|Any CPU
		{127D72EB-69EA-4A1E-B2D5-F9634DFD215C}.Release|Any CPU.Build.0 = Release|Any CPU
		{127D72EB-69EA-4A1E-B2D5-F9634DFD215C}.Release|x64.ActiveCfg = Release|Any CPU
		{127D72EB-69EA-4A1E-B2D5-F9634DFD215C}.Release|x64.Build.0 = Release|Any CPU
		{127D72EB-69EA-4A1E-B2D5-F9634DFD215C}.Release|x86.ActiveCfg = Release|Any CPU
		{127D72EB-69EA-4A1E-B2D5-F9634DFD215C}.Release|x86.Build.0 = Release|Any CPU
		{6A2CC23F-9646-44D2-A3A0-31A5F653344E}.Debug|Any CPU.ActiveCfg = Debug|Any CPU
		{6A2CC23F-9646-44D2-A3A0-31A5F653344E}.Debug|Any CPU.Build.0 = Debug|Any CPU
		{6A2CC23F-9646-44D2-A3A0-31A5F653344E}.Debug|x64.ActiveCfg = Debug|Any CPU
		{6A2CC23F-9646-44D2-A3A0-31A5F653344E}.Debug|x64.Build.0 = Debug|Any CPU
		{6A2CC23F-9646-44D2-A3A0-31A5F653344E}.Debug|x86.ActiveCfg = Debug|Any CPU
		{6A2CC23F-9646-44D2-A3A0-31A5F653344E}.Debug|x86.Build.0 = Debug|Any CPU
		{6A2CC23F-9646-44D2-A3A0-31A5F653344E}.Release|Any CPU.ActiveCfg = Release|Any CPU
		{6A2CC23F-9646-44D2-A3A0-31A5F653344E}.Release|Any CPU.Build.0 = Release|Any CPU
		{6A2CC23F-9646-44D2-A3A0-31A5F653344E}.Release|x64.ActiveCfg = Release|Any CPU
		{6A2CC23F-9646-44D2-A3A0-31A5F653344E}.Release|x64.Build.0 = Release|Any CPU
		{6A2CC23F-9646-44D2-A3A0-31A5F653344E}.Release|x86.ActiveCfg = Release|Any CPU
		{6A2CC23F-9646-44D2-A3A0-31A5F653344E}.Release|x86.Build.0 = Release|Any CPU
	EndGlobalSection
	GlobalSection(SolutionProperties) = preSolution
		HideSolutionNode = FALSE
	EndGlobalSection
	GlobalSection(NestedProjects) = preSolution
		{516D755E-DA02-41CE-95A5-23D54691B642} = {14BE8958-5499-473F-A45E-46C47EACF7C1}
		{434AC405-D3A7-4BDC-A811-B1BA32D3273B} = {8AC71827-78FD-4A6C-97C7-3E4378AFB568}
		{181BEF33-340F-4D67-94A4-47ED0753F243} = {8AC71827-78FD-4A6C-97C7-3E4378AFB568}
		{30B4F34B-F2DB-4355-BBCD-0E8EB449ACFE} = {8AC71827-78FD-4A6C-97C7-3E4378AFB568}
		{4F0C6B9D-A3CA-4DB8-A7E7-45F0CB227C01} = {8AC71827-78FD-4A6C-97C7-3E4378AFB568}
		{37564EEE-6BC5-46B6-8276-1645963B025D} = {8AC71827-78FD-4A6C-97C7-3E4378AFB568}
		{A8506BCB-2870-4DDF-915C-369EF0CD8136} = {8AC71827-78FD-4A6C-97C7-3E4378AFB568}
		{1D02A8F0-EE46-4DFC-B6D9-1A95CD69D51B} = {A8506BCB-2870-4DDF-915C-369EF0CD8136}
		{D143CC04-B3E6-46E2-893E-1005BEAA31B2} = {A8506BCB-2870-4DDF-915C-369EF0CD8136}
		{5C3BED1D-148F-446A-9292-E2DC4AAB5AA0} = {A8506BCB-2870-4DDF-915C-369EF0CD8136}
		{127D72EB-69EA-4A1E-B2D5-F9634DFD215C} = {A8506BCB-2870-4DDF-915C-369EF0CD8136}
		{6A2CC23F-9646-44D2-A3A0-31A5F653344E} = {14BE8958-5499-473F-A45E-46C47EACF7C1}
	EndGlobalSection
	GlobalSection(ExtensibilityGlobals) = postSolution
		SolutionGuid = {8BB4EF8D-31A9-4DBC-AD9F-164CF6C083B6}
	EndGlobalSection
EndGlobal
