
Microsoft Visual Studio Solution File, Format Version 12.00
# Visual Studio Version 16
VisualStudioVersion = 16.0.30114.105
MinimumVisualStudioVersion = 10.0.40219.1
Project("{FAE04EC0-301F-11D3-BF4B-00C04F79EFBC}") = "Client", "Client\Client.csproj", "{1C177163-06D1-4347-A20B-106A66452AA8}"
EndProject
Project("{FAE04EC0-301F-11D3-BF4B-00C04F79EFBC}") = "Server", "Server\Server.csproj", "{1531E00F-FA46-4F10-8000-FAD549F33A13}"
EndProject
Global
	GlobalSection(SolutionConfigurationPlatforms) = preSolution
		Debug|Any CPU = Debug|Any CPU
		Release|Any CPU = Release|Any CPU
	EndGlobalSection
	GlobalSection(SolutionProperties) = preSolution
		HideSolutionNode = FALSE
	EndGlobalSection
	GlobalSection(ProjectConfigurationPlatforms) = postSolution
		{1C177163-06D1-4347-A20B-106A66452AA8}.Debug|Any CPU.ActiveCfg = Debug|Any CPU
		{1C177163-06D1-4347-A20B-106A66452AA8}.Debug|Any CPU.Build.0 = Debug|Any CPU
		{1C177163-06D1-4347-A20B-106A66452AA8}.Release|Any CPU.ActiveCfg = Release|Any CPU
		{1C177163-06D1-4347-A20B-106A66452AA8}.Release|Any CPU.Build.0 = Release|Any CPU
		{1531E00F-FA46-4F10-8000-FAD549F33A13}.Debug|Any CPU.ActiveCfg = Debug|Any CPU
		{1531E00F-FA46-4F10-8000-FAD549F33A13}.Debug|Any CPU.Build.0 = Debug|Any CPU
		{1531E00F-FA46-4F10-8000-FAD549F33A13}.Release|Any CPU.ActiveCfg = Release|Any CPU
		{1531E00F-FA46-4F10-8000-FAD549F33A13}.Release|Any CPU.Build.0 = Release|Any CPU
	EndGlobalSection
EndGlobal
