
Microsoft Visual Studio Solution File, Format Version 12.00
# Visual Studio Version 16
VisualStudioVersion = 16.0.30114.105
MinimumVisualStudioVersion = 10.0.40219.1
Project("{FAE04EC0-301F-11D3-BF4B-00C04F79EFBC}") = "Client", "Client\Client.csproj", "{0A947EDF-5644-41CA-BAB0-E37E08FBB67F}"
EndProject
Project("{FAE04EC0-301F-11D3-BF4B-00C04F79EFBC}") = "Server", "Server\Server.csproj", "{951776F5-5C1F-4DF5-8F0D-043035E216F3}"
EndProject
Global
	GlobalSection(SolutionConfigurationPlatforms) = preSolution
		Debug|Any CPU = Debug|Any CPU
		Release|Any CPU = Release|Any CPU
	EndGlobalSection
	GlobalSection(SolutionProperties) = preSolution
		HideSolutionNode = FALSE
	EndGlobalSection
	GlobalSection(ProjectConfigurationPlatforms) = postSolution
		{0A947EDF-5644-41CA-BAB0-E37E08FBB67F}.Debug|Any CPU.ActiveCfg = Debug|Any CPU
		{0A947EDF-5644-41CA-BAB0-E37E08FBB67F}.Debug|Any CPU.Build.0 = Debug|Any CPU
		{0A947EDF-5644-41CA-BAB0-E37E08FBB67F}.Release|Any CPU.ActiveCfg = Release|Any CPU
		{0A947EDF-5644-41CA-BAB0-E37E08FBB67F}.Release|Any CPU.Build.0 = Release|Any CPU
		{951776F5-5C1F-4DF5-8F0D-043035E216F3}.Debug|Any CPU.ActiveCfg = Debug|Any CPU
		{951776F5-5C1F-4DF5-8F0D-043035E216F3}.Debug|Any CPU.Build.0 = Debug|Any CPU
		{951776F5-5C1F-4DF5-8F0D-043035E216F3}.Release|Any CPU.ActiveCfg = Release|Any CPU
		{951776F5-5C1F-4DF5-8F0D-043035E216F3}.Release|Any CPU.Build.0 = Release|Any CPU
	EndGlobalSection
EndGlobal
