{
  "version": 2,
  "dependencies": {
    "net10.0": {
      "Google.Protobuf.Tools": {
        "type": "Direct",
        "requested": "[3.36.0, )",
        "resolved": "3.36.0",
        "contentHash": "uRO3uyR1IF2lruQAblDv6WMGl6HOoNCIKtztIDRI4JOK6UrD/JLnWur7H1PEBSMxHjonv2GDq8UuU9GOx2dsGw=="
      },
      "Microsoft.Build.Framework": {
        "type": "Direct",
        "requested": "[18.9.6, )",
        "resolved": "18.9.6",
        "contentHash": "P5y8IAhu6UyN6FtzfN4sCNZEQGyV6S4kSTBYldtzB9bzvgdCBBKjsS6epH5aJVFM0q1yJqa8RaTzr1iEJBwIMA==",
        "dependencies": {
          "Microsoft.NET.StringTools": "18.9.6"
        }
      },
      "Microsoft.Build.Utilities.Core": {
        "type": "Direct",
        "requested": "[18.9.6, )",
        "resolved": "18.9.6",
        "contentHash": "BkU2irGHBdkULHzLmEObQCjOz7x+3unHkcmGa+BlTXyEFyj4wupcSAG3E0SlzpeF9s3ViSLbhjNDMHwMxC/Ugg==",
        "dependencies": {
          "Microsoft.Build.Framework": "18.9.6",
          "System.Configuration.ConfigurationManager": "10.0.8",
          "System.Diagnostics.EventLog": "10.0.8",
          "System.Security.Cryptography.ProtectedData": "10.0.8"
        }
      },
      "Microsoft.NET.StringTools": {
        "type": "Transitive",
        "resolved": "18.9.6",
        "contentHash": "CNZfh4P65tHm1Wh/uuIbYfvHlPnb0dJ9SCaIZbXRzOMn+8JEorSqSdXdGRsrDbKBDJfNG6nmgleYhnfL2pd1oQ=="
      },
      "System.Configuration.ConfigurationManager": {
        "type": "Transitive",
        "resolved": "10.0.8",
        "contentHash": "QG+HHwJjLyUiRuA9axr5pDqHAxboo7FXCTRakxMABE9CUAUij/tsd/MsgQPJUEppkf+YBLT+F/P/wKIVCAIcNg==",
        "dependencies": {
          "System.Diagnostics.EventLog": "10.0.8",
          "System.Security.Cryptography.ProtectedData": "10.0.8"
        }
      },
      "System.Diagnostics.EventLog": {
        "type": "Transitive",
        "resolved": "10.0.8",
        "contentHash": "+Ro7WgIom+BDNH+YhTuZKL6QJ0ctfOpTyfUG/h3aU5KwXt3OaNf0wYWrTvoBUj+34Dy5V8dN9yCco1hAJQ4txw=="
      },
      "System.Security.Cryptography.ProtectedData": {
        "type": "Transitive",
        "resolved": "10.0.8",
        "contentHash": "/ldVgSfImIBp6fLWS7sLH0BnmtFj0ZwGlZo4Xx2q0K3ZhJNDbW45kj2f6zPoC+L+BTINuHdMzTsopuwmkbgcNA=="
      }
    }
  }
}