{
  "version": 1,
  "dependencies": {
    "net10.0": {
      "Google.Protobuf.Tools": {
        "type": "Direct",
        "requested": "[3.33.1, )",
        "resolved": "3.33.1",
        "contentHash": "GxkbdNAc0NQVqwiUpaK30FIi3kBs131AoIiaC7cCSkK+KmCKlwGJOmrEv/iJTA+W3um+QEXGI6Fp1roOIGyXuA=="
      },
      "Microsoft.Build.Framework": {
        "type": "Direct",
        "requested": "[18.0.2, )",
        "resolved": "18.0.2",
        "contentHash": "sOSb+0J4G/jCBW/YqmRuL0eOMXgfw1KQLdC9TkbvfA5xs7uNm+PBQXJCOzSJGXtZcZrtXozcwxPmUiRUbmd7FA=="
      },
      "Microsoft.Build.Utilities.Core": {
        "type": "Direct",
        "requested": "[18.0.2, )",
        "resolved": "18.0.2",
        "contentHash": "qsI2Mc8tbJEyg5m4oTvxlu5wY8te0TIVxObxILvrrPdeFUwH5V5UXUT2RV054b3S9msIR+7zViTWp4nRp0YGbQ==",
        "dependencies": {
          "Microsoft.Build.Framework": "18.0.2",
          "Microsoft.NET.StringTools": "18.0.2",
          "System.Configuration.ConfigurationManager": "9.0.0",
          "System.Diagnostics.EventLog": "9.0.0",
          "System.Security.Cryptography.ProtectedData": "9.0.6"
        }
      },
      "Microsoft.NET.StringTools": {
        "type": "Transitive",
        "resolved": "18.0.2",
        "contentHash": "cTZw3GHkAlqZACYGeQT3niS3UfVQ8CH0O5+zUdhxstrg1Z8Q2ViXYFKjSxHmEXTX85mrOT/QnHZOeQhhSsIrkQ=="
      },
      "System.Configuration.ConfigurationManager": {
        "type": "Transitive",
        "resolved": "9.0.0",
        "contentHash": "PdkuMrwDhXoKFo/JxISIi9E8L+QGn9Iquj2OKDWHB6Y/HnUOuBouF7uS3R4Hw3FoNmwwMo6hWgazQdyHIIs27A==",
        "dependencies": {
          "System.Diagnostics.EventLog": "9.0.0",
          "System.Security.Cryptography.ProtectedData": "9.0.0"
        }
      },
      "System.Diagnostics.EventLog": {
        "type": "Transitive",
        "resolved": "9.0.0",
        "contentHash": "qd01+AqPhbAG14KtdtIqFk+cxHQFZ/oqRSCoxU1F+Q6Kv0cl726sl7RzU9yLFGd4BUOKdN4XojXF0pQf/R6YeA=="
      },
      "System.Security.Cryptography.ProtectedData": {
        "type": "Transitive",
        "resolved": "9.0.6",
        "contentHash": "yErfw/3pZkJE/VKza/Cm5idTpIKOy/vsmVi59Ta5SruPVtubzxb8CtnE8tyUpzs5pr0Y28GUFfSVzAhCLN3F/Q=="
      }
    }
  }
}