
Microsoft Visual Studio Solution File, Format Version 12.00
# Visual Studio Version 17
VisualStudioVersion = 17.0.31903.59
MinimumVisualStudioVersion = 10.0.40219.1
Project("{FAE04EC0-301F-11D3-BF4B-00C04F79EFBC}") = "Device", "Device\Device.csproj", "{78643747-7378-44C3-90AF-42BA8B24670A}"
EndProject
Project("{FAE04EC0-301F-11D3-BF4B-00C04F79EFBC}") = "Server", "Server\Server.csproj", "{F6AD773A-2A89-4574-A5C3-DA2A64CD44F3}"
EndProject
Project("{FAE04EC0-301F-11D3-BF4B-00C04F79EFBC}") = "Client", "Client\Client.csproj", "{EAF2BF9A-DFF7-4CA9-B438-C1C829D2CD43}"
EndProject
Global
	GlobalSection(SolutionConfigurationPlatforms) = preSolution
		Debug|Any CPU = Debug|Any CPU
		Release|Any CPU = Release|Any CPU
	EndGlobalSection
	GlobalSection(SolutionProperties) = preSolution
		HideSolutionNode = FALSE
	EndGlobalSection
	GlobalSection(ProjectConfigurationPlatforms) = postSolution
		{78643747-7378-44C3-90AF-42BA8B24670A}.Debug|Any CPU.ActiveCfg = Debug|Any CPU
		{78643747-7378-44C3-90AF-42BA8B24670A}.Debug|Any CPU.Build.0 = Debug|Any CPU
		{78643747-7378-44C3-90AF-42BA8B24670A}.Release|Any CPU.ActiveCfg = Release|Any CPU
		{78643747-7378-44C3-90AF-42BA8B24670A}.Release|Any CPU.Build.0 = Release|Any CPU
		{F6AD773A-2A89-4574-A5C3-DA2A64CD44F3}.Debug|Any CPU.ActiveCfg = Debug|Any CPU
		{F6AD773A-2A89-4574-A5C3-DA2A64CD44F3}.Debug|Any CPU.Build.0 = Debug|Any CPU
		{F6AD773A-2A89-4574-A5C3-DA2A64CD44F3}.Release|Any CPU.ActiveCfg = Release|Any CPU
		{F6AD773A-2A89-4574-A5C3-DA2A64CD44F3}.Release|Any CPU.Build.0 = Release|Any CPU
		{EAF2BF9A-DFF7-4CA9-B438-C1C829D2CD43}.Debug|Any CPU.ActiveCfg = Debug|Any CPU
		{EAF2BF9A-DFF7-4CA9-B438-C1C829D2CD43}.Debug|Any CPU.Build.0 = Debug|Any CPU
		{EAF2BF9A-DFF7-4CA9-B438-C1C829D2CD43}.Release|Any CPU.ActiveCfg = Release|Any CPU
		{EAF2BF9A-DFF7-4CA9-B438-C1C829D2CD43}.Release|Any CPU.Build.0 = Release|Any CPU
	EndGlobalSection
EndGlobal
