
Microsoft Visual Studio Solution File, Format Version 12.00
# Visual Studio Version 16
VisualStudioVersion = 16.0.30413.136
MinimumVisualStudioVersion = 15.0.26124.0
Project("{2150E333-8FDC-42A3-9474-1A3956D46DE8}") = "test", "test", "{ED7B6C19-3347-41BE-86CA-D81851F3EF02}"
EndProject
Project("{2150E333-8FDC-42A3-9474-1A3956D46DE8}") = "IceRpc", "IceRpc", "{293F634B-26D0-40BC-AD0C-AD00796E06AD}"
EndProject
Project("{2150E333-8FDC-42A3-9474-1A3956D46DE8}") = "ami", "ami", "{CB1822EE-3F20-4747-A343-A5F9F1464666}"
EndProject
Project("{9A19103F-16F7-4668-BE54-9A1E7A4F7556}") = "client", "..\test\Ice\ami\msbuild\client\client.csproj", "{1F8EA351-20A9-439A-8ECA-E5F22DBA7E58}"
EndProject
Project("{9A19103F-16F7-4668-BE54-9A1E7A4F7556}") = "collocated", "..\test\Ice\ami\msbuild\collocated\collocated.csproj", "{DD841285-19CA-4889-B04A-997A6829EF9B}"
EndProject
Project("{9A19103F-16F7-4668-BE54-9A1E7A4F7556}") = "server", "..\test\Ice\ami\msbuild\server\server.csproj", "{38086102-4D3C-4D12-B01D-4DDE9A18C64B}"
EndProject
Project("{2150E333-8FDC-42A3-9474-1A3956D46DE8}") = "binding", "binding", "{5C903C3B-DF99-4EBF-954E-DC2EB7F29E70}"
EndProject
Project("{9A19103F-16F7-4668-BE54-9A1E7A4F7556}") = "client", "..\test\Ice\binding\msbuild\client\client.csproj", "{F11B4657-A995-430A-985A-F83452653098}"
EndProject
Project("{9A19103F-16F7-4668-BE54-9A1E7A4F7556}") = "server", "..\test\Ice\binding\msbuild\server\server.csproj", "{E50ED6AF-36C8-4E78-8813-F749F599537E}"
EndProject
Project("{2150E333-8FDC-42A3-9474-1A3956D46DE8}") = "facets", "facets", "{EEFF9F19-91E6-4013-A2E8-AF1868E9391C}"
EndProject
Project("{9A19103F-16F7-4668-BE54-9A1E7A4F7556}") = "client", "..\test\Ice\facets\msbuild\client\client.csproj", "{B910BEE2-762B-4ABD-81CA-D1143C90AA84}"
EndProject
Project("{9A19103F-16F7-4668-BE54-9A1E7A4F7556}") = "collocated", "..\test\Ice\facets\msbuild\collocated\collocated.csproj", "{38C047AD-A94B-46CC-B8B8-B23FC94D8792}"
EndProject
Project("{9A19103F-16F7-4668-BE54-9A1E7A4F7556}") = "server", "..\test\Ice\facets\msbuild\server\server.csproj", "{38B1A30F-EB5D-4D97-8A82-0AA14109CA77}"
EndProject
Project("{2150E333-8FDC-42A3-9474-1A3956D46DE8}") = "perf", "perf", "{A30CED63-AA75-445F-8B6E-F3D71C7DA0E9}"
EndProject
Project("{9A19103F-16F7-4668-BE54-9A1E7A4F7556}") = "client", "..\test\Ice\perf\msbuild\client\client.csproj", "{0C590CDD-EEF5-4261-B298-69812C149D31}"
EndProject
Project("{9A19103F-16F7-4668-BE54-9A1E7A4F7556}") = "collocated", "..\test\Ice\perf\msbuild\collocated\collocated.csproj", "{D9998C54-B18D-4829-A70B-0D1B0BD55CF2}"
EndProject
Project("{9A19103F-16F7-4668-BE54-9A1E7A4F7556}") = "server", "..\test\Ice\perf\msbuild\server\server.csproj", "{BAF8F306-87A8-412C-9CF8-7355E94024FD}"
EndProject
Project("{2150E333-8FDC-42A3-9474-1A3956D46DE8}") = "properties", "properties", "{FBB57C99-52C4-4BCD-8180-BAFDDF89CF19}"
EndProject
Project("{9A19103F-16F7-4668-BE54-9A1E7A4F7556}") = "client", "..\test\Ice\properties\msbuild\client\client.csproj", "{64A5406A-E82F-44CC-9987-E4A5C4926B1D}"
EndProject
Project("{2150E333-8FDC-42A3-9474-1A3956D46DE8}") = "proxy", "proxy", "{FE35D82F-A0AA-4FF7-ADFA-7D502760724B}"
EndProject
Project("{9A19103F-16F7-4668-BE54-9A1E7A4F7556}") = "client", "..\test\Ice\proxy\msbuild\client\client.csproj", "{13D009B2-5429-450E-80AA-04C1FC5EA689}"
EndProject
Project("{9A19103F-16F7-4668-BE54-9A1E7A4F7556}") = "collocated", "..\test\Ice\proxy\msbuild\collocated\collocated.csproj", "{7B130812-4072-4154-8F4D-9EE40A5D9306}"
EndProject
Project("{9A19103F-16F7-4668-BE54-9A1E7A4F7556}") = "server", "..\test\Ice\proxy\msbuild\server\server.csproj", "{0D2DA6F9-C224-448F-9CAF-10D820B07D3E}"
EndProject
Project("{9A19103F-16F7-4668-BE54-9A1E7A4F7556}") = "serveramd", "..\test\Ice\proxy\msbuild\serveramd\serveramd.csproj", "{45A1516D-DD0A-4FA5-9D1E-015E8FA7FFF1}"
EndProject
Project("{2150E333-8FDC-42A3-9474-1A3956D46DE8}") = "Slice", "Slice", "{F5752A39-0291-43F6-B99F-182379177C29}"
EndProject
Project("{2150E333-8FDC-42A3-9474-1A3956D46DE8}") = "escape", "escape", "{BB29FF5A-5239-4B55-AEE4-B3BE06803B49}"
EndProject
Project("{9A19103F-16F7-4668-BE54-9A1E7A4F7556}") = "client", "..\test\Slice\escape\msbuild\client\client.csproj", "{AA8AD2EB-1029-4AB6-9055-8AC88ED6FBE3}"
EndProject
Project("{2150E333-8FDC-42A3-9474-1A3956D46DE8}") = "structure", "structure", "{816A1466-A9D1-4F29-A9BA-2F821FF7B633}"
EndProject
Project("{9A19103F-16F7-4668-BE54-9A1E7A4F7556}") = "client", "..\test\Slice\structure\msbuild\client\client.csproj", "{4905EA48-FBA0-4D11-909C-2CABABF0E8BB}"
EndProject
Project("{2150E333-8FDC-42A3-9474-1A3956D46DE8}") = "parser", "parser", "{04085957-DC20-4418-95EA-E6061BA30B30}"
EndProject
Project("{9A19103F-16F7-4668-BE54-9A1E7A4F7556}") = "client", "..\test\Slice\parser\msbuild\client\client.csproj", "{0DC7DD23-FF8D-42BF-AD84-A0E05A628EA4}"
EndProject
Global
	GlobalSection(SolutionConfigurationPlatforms) = preSolution
		Debug|Any CPU = Debug|Any CPU
		Release|Any CPU = Release|Any CPU
	EndGlobalSection
	GlobalSection(ProjectConfigurationPlatforms) = postSolution
		{1F8EA351-20A9-439A-8ECA-E5F22DBA7E58}.Debug|Any CPU.ActiveCfg = Debug|Any CPU
		{1F8EA351-20A9-439A-8ECA-E5F22DBA7E58}.Debug|Any CPU.Build.0 = Debug|Any CPU
		{1F8EA351-20A9-439A-8ECA-E5F22DBA7E58}.Release|Any CPU.ActiveCfg = Release|Any CPU
		{1F8EA351-20A9-439A-8ECA-E5F22DBA7E58}.Release|Any CPU.Build.0 = Release|Any CPU
		{DD841285-19CA-4889-B04A-997A6829EF9B}.Debug|Any CPU.ActiveCfg = Debug|Any CPU
		{DD841285-19CA-4889-B04A-997A6829EF9B}.Debug|Any CPU.Build.0 = Debug|Any CPU
		{DD841285-19CA-4889-B04A-997A6829EF9B}.Release|Any CPU.ActiveCfg = Release|Any CPU
		{DD841285-19CA-4889-B04A-997A6829EF9B}.Release|Any CPU.Build.0 = Release|Any CPU
		{38086102-4D3C-4D12-B01D-4DDE9A18C64B}.Debug|Any CPU.ActiveCfg = Debug|Any CPU
		{38086102-4D3C-4D12-B01D-4DDE9A18C64B}.Debug|Any CPU.Build.0 = Debug|Any CPU
		{38086102-4D3C-4D12-B01D-4DDE9A18C64B}.Release|Any CPU.ActiveCfg = Release|Any CPU
		{38086102-4D3C-4D12-B01D-4DDE9A18C64B}.Release|Any CPU.Build.0 = Release|Any CPU
		{F11B4657-A995-430A-985A-F83452653098}.Debug|Any CPU.ActiveCfg = Debug|Any CPU
		{F11B4657-A995-430A-985A-F83452653098}.Debug|Any CPU.Build.0 = Debug|Any CPU
		{F11B4657-A995-430A-985A-F83452653098}.Release|Any CPU.ActiveCfg = Release|Any CPU
		{F11B4657-A995-430A-985A-F83452653098}.Release|Any CPU.Build.0 = Release|Any CPU
		{E50ED6AF-36C8-4E78-8813-F749F599537E}.Debug|Any CPU.ActiveCfg = Debug|Any CPU
		{E50ED6AF-36C8-4E78-8813-F749F599537E}.Debug|Any CPU.Build.0 = Debug|Any CPU
		{E50ED6AF-36C8-4E78-8813-F749F599537E}.Release|Any CPU.ActiveCfg = Release|Any CPU
		{E50ED6AF-36C8-4E78-8813-F749F599537E}.Release|Any CPU.Build.0 = Release|Any CPU
		{B910BEE2-762B-4ABD-81CA-D1143C90AA84}.Debug|Any CPU.ActiveCfg = Debug|Any CPU
		{B910BEE2-762B-4ABD-81CA-D1143C90AA84}.Debug|Any CPU.Build.0 = Debug|Any CPU
		{B910BEE2-762B-4ABD-81CA-D1143C90AA84}.Release|Any CPU.ActiveCfg = Release|Any CPU
		{B910BEE2-762B-4ABD-81CA-D1143C90AA84}.Release|Any CPU.Build.0 = Release|Any CPU
		{38C047AD-A94B-46CC-B8B8-B23FC94D8792}.Debug|Any CPU.ActiveCfg = Debug|Any CPU
		{38C047AD-A94B-46CC-B8B8-B23FC94D8792}.Debug|Any CPU.Build.0 = Debug|Any CPU
		{38C047AD-A94B-46CC-B8B8-B23FC94D8792}.Release|Any CPU.ActiveCfg = Release|Any CPU
		{38C047AD-A94B-46CC-B8B8-B23FC94D8792}.Release|Any CPU.Build.0 = Release|Any CPU
		{38B1A30F-EB5D-4D97-8A82-0AA14109CA77}.Debug|Any CPU.ActiveCfg = Debug|Any CPU
		{38B1A30F-EB5D-4D97-8A82-0AA14109CA77}.Debug|Any CPU.Build.0 = Debug|Any CPU
		{38B1A30F-EB5D-4D97-8A82-0AA14109CA77}.Release|Any CPU.ActiveCfg = Release|Any CPU
		{38B1A30F-EB5D-4D97-8A82-0AA14109CA77}.Release|Any CPU.Build.0 = Release|Any CPU
		{0C590CDD-EEF5-4261-B298-69812C149D31}.Debug|Any CPU.ActiveCfg = Debug|Any CPU
		{0C590CDD-EEF5-4261-B298-69812C149D31}.Debug|Any CPU.Build.0 = Debug|Any CPU
		{0C590CDD-EEF5-4261-B298-69812C149D31}.Release|Any CPU.ActiveCfg = Release|Any CPU
		{0C590CDD-EEF5-4261-B298-69812C149D31}.Release|Any CPU.Build.0 = Release|Any CPU
		{D9998C54-B18D-4829-A70B-0D1B0BD55CF2}.Debug|Any CPU.ActiveCfg = Debug|Any CPU
		{D9998C54-B18D-4829-A70B-0D1B0BD55CF2}.Debug|Any CPU.Build.0 = Debug|Any CPU
		{D9998C54-B18D-4829-A70B-0D1B0BD55CF2}.Release|Any CPU.ActiveCfg = Release|Any CPU
		{D9998C54-B18D-4829-A70B-0D1B0BD55CF2}.Release|Any CPU.Build.0 = Release|Any CPU
		{BAF8F306-87A8-412C-9CF8-7355E94024FD}.Debug|Any CPU.ActiveCfg = Debug|Any CPU
		{BAF8F306-87A8-412C-9CF8-7355E94024FD}.Debug|Any CPU.Build.0 = Debug|Any CPU
		{BAF8F306-87A8-412C-9CF8-7355E94024FD}.Release|Any CPU.ActiveCfg = Release|Any CPU
		{BAF8F306-87A8-412C-9CF8-7355E94024FD}.Release|Any CPU.Build.0 = Release|Any CPU
		{64A5406A-E82F-44CC-9987-E4A5C4926B1D}.Debug|Any CPU.ActiveCfg = Debug|Any CPU
		{64A5406A-E82F-44CC-9987-E4A5C4926B1D}.Debug|Any CPU.Build.0 = Debug|Any CPU
		{64A5406A-E82F-44CC-9987-E4A5C4926B1D}.Release|Any CPU.ActiveCfg = Release|Any CPU
		{64A5406A-E82F-44CC-9987-E4A5C4926B1D}.Release|Any CPU.Build.0 = Release|Any CPU
		{13D009B2-5429-450E-80AA-04C1FC5EA689}.Debug|Any CPU.ActiveCfg = Debug|Any CPU
		{13D009B2-5429-450E-80AA-04C1FC5EA689}.Debug|Any CPU.Build.0 = Debug|Any CPU
		{13D009B2-5429-450E-80AA-04C1FC5EA689}.Release|Any CPU.ActiveCfg = Release|Any CPU
		{13D009B2-5429-450E-80AA-04C1FC5EA689}.Release|Any CPU.Build.0 = Release|Any CPU
		{7B130812-4072-4154-8F4D-9EE40A5D9306}.Debug|Any CPU.ActiveCfg = Debug|Any CPU
		{7B130812-4072-4154-8F4D-9EE40A5D9306}.Debug|Any CPU.Build.0 = Debug|Any CPU
		{7B130812-4072-4154-8F4D-9EE40A5D9306}.Release|Any CPU.ActiveCfg = Release|Any CPU
		{7B130812-4072-4154-8F4D-9EE40A5D9306}.Release|Any CPU.Build.0 = Release|Any CPU
		{0D2DA6F9-C224-448F-9CAF-10D820B07D3E}.Debug|Any CPU.ActiveCfg = Debug|Any CPU
		{0D2DA6F9-C224-448F-9CAF-10D820B07D3E}.Debug|Any CPU.Build.0 = Debug|Any CPU
		{0D2DA6F9-C224-448F-9CAF-10D820B07D3E}.Release|Any CPU.ActiveCfg = Release|Any CPU
		{0D2DA6F9-C224-448F-9CAF-10D820B07D3E}.Release|Any CPU.Build.0 = Release|Any CPU
		{45A1516D-DD0A-4FA5-9D1E-015E8FA7FFF1}.Debug|Any CPU.ActiveCfg = Debug|Any CPU
		{45A1516D-DD0A-4FA5-9D1E-015E8FA7FFF1}.Debug|Any CPU.Build.0 = Debug|Any CPU
		{45A1516D-DD0A-4FA5-9D1E-015E8FA7FFF1}.Release|Any CPU.ActiveCfg = Release|Any CPU
		{45A1516D-DD0A-4FA5-9D1E-015E8FA7FFF1}.Release|Any CPU.Build.0 = Release|Any CPU
		{AA8AD2EB-1029-4AB6-9055-8AC88ED6FBE3}.Debug|Any CPU.ActiveCfg = Debug|Any CPU
		{AA8AD2EB-1029-4AB6-9055-8AC88ED6FBE3}.Debug|Any CPU.Build.0 = Debug|Any CPU
		{AA8AD2EB-1029-4AB6-9055-8AC88ED6FBE3}.Release|Any CPU.ActiveCfg = Release|Any CPU
		{AA8AD2EB-1029-4AB6-9055-8AC88ED6FBE3}.Release|Any CPU.Build.0 = Release|Any CPU
		{4905EA48-FBA0-4D11-909C-2CABABF0E8BB}.Debug|Any CPU.ActiveCfg = Debug|Any CPU
		{4905EA48-FBA0-4D11-909C-2CABABF0E8BB}.Debug|Any CPU.Build.0 = Debug|Any CPU
		{4905EA48-FBA0-4D11-909C-2CABABF0E8BB}.Release|Any CPU.ActiveCfg = Release|Any CPU
		{4905EA48-FBA0-4D11-909C-2CABABF0E8BB}.Release|Any CPU.Build.0 = Release|Any CPU
		{0DC7DD23-FF8D-42BF-AD84-A0E05A628EA4}.Debug|Any CPU.ActiveCfg = Debug|Any CPU
		{0DC7DD23-FF8D-42BF-AD84-A0E05A628EA4}.Debug|Any CPU.Build.0 = Debug|Any CPU
		{0DC7DD23-FF8D-42BF-AD84-A0E05A628EA4}.Release|Any CPU.ActiveCfg = Release|Any CPU
		{0DC7DD23-FF8D-42BF-AD84-A0E05A628EA4}.Release|Any CPU.Build.0 = Release|Any CPU
	EndGlobalSection
	GlobalSection(SolutionProperties) = preSolution
		HideSolutionNode = FALSE
	EndGlobalSection
	GlobalSection(NestedProjects) = preSolution
		{293F634B-26D0-40BC-AD0C-AD00796E06AD} = {ED7B6C19-3347-41BE-86CA-D81851F3EF02}
		{CB1822EE-3F20-4747-A343-A5F9F1464666} = {293F634B-26D0-40BC-AD0C-AD00796E06AD}
		{1F8EA351-20A9-439A-8ECA-E5F22DBA7E58} = {CB1822EE-3F20-4747-A343-A5F9F1464666}
		{DD841285-19CA-4889-B04A-997A6829EF9B} = {CB1822EE-3F20-4747-A343-A5F9F1464666}
		{38086102-4D3C-4D12-B01D-4DDE9A18C64B} = {CB1822EE-3F20-4747-A343-A5F9F1464666}
		{5C903C3B-DF99-4EBF-954E-DC2EB7F29E70} = {293F634B-26D0-40BC-AD0C-AD00796E06AD}
		{F11B4657-A995-430A-985A-F83452653098} = {5C903C3B-DF99-4EBF-954E-DC2EB7F29E70}
		{E50ED6AF-36C8-4E78-8813-F749F599537E} = {5C903C3B-DF99-4EBF-954E-DC2EB7F29E70}
		{EEFF9F19-91E6-4013-A2E8-AF1868E9391C} = {293F634B-26D0-40BC-AD0C-AD00796E06AD}
		{B910BEE2-762B-4ABD-81CA-D1143C90AA84} = {EEFF9F19-91E6-4013-A2E8-AF1868E9391C}
		{38C047AD-A94B-46CC-B8B8-B23FC94D8792} = {EEFF9F19-91E6-4013-A2E8-AF1868E9391C}
		{38B1A30F-EB5D-4D97-8A82-0AA14109CA77} = {EEFF9F19-91E6-4013-A2E8-AF1868E9391C}
		{A30CED63-AA75-445F-8B6E-F3D71C7DA0E9} = {293F634B-26D0-40BC-AD0C-AD00796E06AD}
		{0C590CDD-EEF5-4261-B298-69812C149D31} = {A30CED63-AA75-445F-8B6E-F3D71C7DA0E9}
		{D9998C54-B18D-4829-A70B-0D1B0BD55CF2} = {A30CED63-AA75-445F-8B6E-F3D71C7DA0E9}
		{BAF8F306-87A8-412C-9CF8-7355E94024FD} = {A30CED63-AA75-445F-8B6E-F3D71C7DA0E9}
		{FBB57C99-52C4-4BCD-8180-BAFDDF89CF19} = {293F634B-26D0-40BC-AD0C-AD00796E06AD}
		{64A5406A-E82F-44CC-9987-E4A5C4926B1D} = {FBB57C99-52C4-4BCD-8180-BAFDDF89CF19}
		{FE35D82F-A0AA-4FF7-ADFA-7D502760724B} = {293F634B-26D0-40BC-AD0C-AD00796E06AD}
		{13D009B2-5429-450E-80AA-04C1FC5EA689} = {FE35D82F-A0AA-4FF7-ADFA-7D502760724B}
		{7B130812-4072-4154-8F4D-9EE40A5D9306} = {FE35D82F-A0AA-4FF7-ADFA-7D502760724B}
		{0D2DA6F9-C224-448F-9CAF-10D820B07D3E} = {FE35D82F-A0AA-4FF7-ADFA-7D502760724B}
		{45A1516D-DD0A-4FA5-9D1E-015E8FA7FFF1} = {FE35D82F-A0AA-4FF7-ADFA-7D502760724B}
		{F5752A39-0291-43F6-B99F-182379177C29} = {ED7B6C19-3347-41BE-86CA-D81851F3EF02}
		{BB29FF5A-5239-4B55-AEE4-B3BE06803B49} = {F5752A39-0291-43F6-B99F-182379177C29}
		{AA8AD2EB-1029-4AB6-9055-8AC88ED6FBE3} = {BB29FF5A-5239-4B55-AEE4-B3BE06803B49}
		{816A1466-A9D1-4F29-A9BA-2F821FF7B633} = {F5752A39-0291-43F6-B99F-182379177C29}
		{4905EA48-FBA0-4D11-909C-2CABABF0E8BB} = {816A1466-A9D1-4F29-A9BA-2F821FF7B633}
		{04085957-DC20-4418-95EA-E6061BA30B30} = {F5752A39-0291-43F6-B99F-182379177C29}
		{0DC7DD23-FF8D-42BF-AD84-A0E05A628EA4} = {04085957-DC20-4418-95EA-E6061BA30B30}
	EndGlobalSection
	GlobalSection(ExtensibilityGlobals) = postSolution
		SolutionGuid = {C303944B-910E-4582-A486-92B97B399B11}
	EndGlobalSection
EndGlobal
