
Microsoft Visual Studio Solution File, Format Version 12.00
# Visual Studio Version 17
VisualStudioVersion = 17.0.31612.314
MinimumVisualStudioVersion = 15.0.26124.0
Project("{2150E333-8FDC-42A3-9474-1A3956D46DE8}") = "test", "test", "{ED7B6C19-3347-41BE-86CA-D81851F3EF02}"
EndProject
Project("{2150E333-8FDC-42A3-9474-1A3956D46DE8}") = "Slice", "Slice", "{F5752A39-0291-43F6-B99F-182379177C29}"
EndProject
Project("{2150E333-8FDC-42A3-9474-1A3956D46DE8}") = "escape", "escape", "{BB29FF5A-5239-4B55-AEE4-B3BE06803B49}"
EndProject
Project("{9A19103F-16F7-4668-BE54-9A1E7A4F7556}") = "client", "..\test\Slice\escape\msbuild\client\client.csproj", "{AA8AD2EB-1029-4AB6-9055-8AC88ED6FBE3}"
EndProject
Project("{2150E333-8FDC-42A3-9474-1A3956D46DE8}") = "parser", "parser", "{04085957-DC20-4418-95EA-E6061BA30B30}"
EndProject
Project("{9A19103F-16F7-4668-BE54-9A1E7A4F7556}") = "client", "..\test\Slice\parser\msbuild\client\client.csproj", "{0DC7DD23-FF8D-42BF-AD84-A0E05A628EA4}"
EndProject
Global
	GlobalSection(SolutionConfigurationPlatforms) = preSolution
		Debug|Any CPU = Debug|Any CPU
		Release|Any CPU = Release|Any CPU
	EndGlobalSection
	GlobalSection(ProjectConfigurationPlatforms) = postSolution
		{AA8AD2EB-1029-4AB6-9055-8AC88ED6FBE3}.Debug|Any CPU.ActiveCfg = Debug|Any CPU
		{AA8AD2EB-1029-4AB6-9055-8AC88ED6FBE3}.Debug|Any CPU.Build.0 = Debug|Any CPU
		{AA8AD2EB-1029-4AB6-9055-8AC88ED6FBE3}.Release|Any CPU.ActiveCfg = Release|Any CPU
		{AA8AD2EB-1029-4AB6-9055-8AC88ED6FBE3}.Release|Any CPU.Build.0 = Release|Any CPU
		{0DC7DD23-FF8D-42BF-AD84-A0E05A628EA4}.Debug|Any CPU.ActiveCfg = Debug|Any CPU
		{0DC7DD23-FF8D-42BF-AD84-A0E05A628EA4}.Debug|Any CPU.Build.0 = Debug|Any CPU
		{0DC7DD23-FF8D-42BF-AD84-A0E05A628EA4}.Release|Any CPU.ActiveCfg = Release|Any CPU
		{0DC7DD23-FF8D-42BF-AD84-A0E05A628EA4}.Release|Any CPU.Build.0 = Release|Any CPU
	EndGlobalSection
	GlobalSection(SolutionProperties) = preSolution
		HideSolutionNode = FALSE
	EndGlobalSection
	GlobalSection(NestedProjects) = preSolution
		{F5752A39-0291-43F6-B99F-182379177C29} = {ED7B6C19-3347-41BE-86CA-D81851F3EF02}
		{BB29FF5A-5239-4B55-AEE4-B3BE06803B49} = {F5752A39-0291-43F6-B99F-182379177C29}
		{AA8AD2EB-1029-4AB6-9055-8AC88ED6FBE3} = {BB29FF5A-5239-4B55-AEE4-B3BE06803B49}
		{04085957-DC20-4418-95EA-E6061BA30B30} = {F5752A39-0291-43F6-B99F-182379177C29}
		{0DC7DD23-FF8D-42BF-AD84-A0E05A628EA4} = {04085957-DC20-4418-95EA-E6061BA30B30}
	EndGlobalSection
	GlobalSection(ExtensibilityGlobals) = postSolution
		SolutionGuid = {C303944B-910E-4582-A486-92B97B399B11}
	EndGlobalSection
EndGlobal
