
Microsoft Visual Studio Solution File, Format Version 12.00
# Visual Studio Version 17
VisualStudioVersion = 17.0.31903.59
MinimumVisualStudioVersion = 10.0.40219.1
Project("{9A19103F-16F7-4668-BE54-9A1E7A4F7556}") = "Client", "Client\Client.csproj", "{FB909C17-4B28-4200-9E2D-0AF9A735B22D}"
EndProject
Project("{9A19103F-16F7-4668-BE54-9A1E7A4F7556}") = "Server", "Server\Server.csproj", "{D0C0BA73-A887-4959-B4FC-39D3692685B0}"
EndProject
Project("{2150E333-8FDC-42A3-9474-1A3956D46DE8}") = "Solution Items", "Solution Items", "{E170780E-EA56-423E-A59B-A53A9FA72ED6}"
	ProjectSection(SolutionItems) = preProject
		README.md = README.md
	EndProjectSection
EndProject
Global
	GlobalSection(SolutionConfigurationPlatforms) = preSolution
		Debug|Any CPU = Debug|Any CPU
		Release|Any CPU = Release|Any CPU
	EndGlobalSection
	GlobalSection(ProjectConfigurationPlatforms) = postSolution
		{FB909C17-4B28-4200-9E2D-0AF9A735B22D}.Debug|Any CPU.ActiveCfg = Debug|Any CPU
		{FB909C17-4B28-4200-9E2D-0AF9A735B22D}.Debug|Any CPU.Build.0 = Debug|Any CPU
		{FB909C17-4B28-4200-9E2D-0AF9A735B22D}.Release|Any CPU.ActiveCfg = Release|Any CPU
		{FB909C17-4B28-4200-9E2D-0AF9A735B22D}.Release|Any CPU.Build.0 = Release|Any CPU
		{D0C0BA73-A887-4959-B4FC-39D3692685B0}.Debug|Any CPU.ActiveCfg = Debug|Any CPU
		{D0C0BA73-A887-4959-B4FC-39D3692685B0}.Debug|Any CPU.Build.0 = Debug|Any CPU
		{D0C0BA73-A887-4959-B4FC-39D3692685B0}.Release|Any CPU.ActiveCfg = Release|Any CPU
		{D0C0BA73-A887-4959-B4FC-39D3692685B0}.Release|Any CPU.Build.0 = Release|Any CPU
	EndGlobalSection
	GlobalSection(SolutionProperties) = preSolution
		HideSolutionNode = FALSE
	EndGlobalSection
	GlobalSection(ExtensibilityGlobals) = postSolution
		SolutionGuid = {839C8AB7-DF31-4309-BB53-A361BDAC4838}
	EndGlobalSection
EndGlobal
