
Microsoft Visual Studio Solution File, Format Version 12.00
# Visual Studio Version 17
VisualStudioVersion = 17.0.31903.59
MinimumVisualStudioVersion = 10.0.40219.1
Project("{FAE04EC0-301F-11D3-BF4B-00C04F79EFBC}") = "Client", "Client\Client.csproj", "{FB909C17-4B28-4200-9E2D-0AF9A735B22D}"
EndProject
Project("{FAE04EC0-301F-11D3-BF4B-00C04F79EFBC}") = "Server", "Server\Server.csproj", "{D0C0BA73-A887-4959-B4FC-39D3692685B0}"
EndProject
Global
	GlobalSection(SolutionConfigurationPlatforms) = preSolution
		Debug|Any CPU = Debug|Any CPU
		Release|Any CPU = Release|Any CPU
	EndGlobalSection
	GlobalSection(SolutionProperties) = preSolution
		HideSolutionNode = FALSE
	EndGlobalSection
	GlobalSection(ProjectConfigurationPlatforms) = postSolution
		{FB909C17-4B28-4200-9E2D-0AF9A735B22D}.Debug|Any CPU.ActiveCfg = Debug|Any CPU
		{FB909C17-4B28-4200-9E2D-0AF9A735B22D}.Debug|Any CPU.Build.0 = Debug|Any CPU
		{FB909C17-4B28-4200-9E2D-0AF9A735B22D}.Release|Any CPU.ActiveCfg = Release|Any CPU
		{FB909C17-4B28-4200-9E2D-0AF9A735B22D}.Release|Any CPU.Build.0 = Release|Any CPU
		{D0C0BA73-A887-4959-B4FC-39D3692685B0}.Debug|Any CPU.ActiveCfg = Debug|Any CPU
		{D0C0BA73-A887-4959-B4FC-39D3692685B0}.Debug|Any CPU.Build.0 = Debug|Any CPU
		{D0C0BA73-A887-4959-B4FC-39D3692685B0}.Release|Any CPU.ActiveCfg = Release|Any CPU
		{D0C0BA73-A887-4959-B4FC-39D3692685B0}.Release|Any CPU.Build.0 = Release|Any CPU
	EndGlobalSection
EndGlobal
