
Microsoft Visual Studio Solution File, Format Version 12.00
# Visual Studio Version 17
VisualStudioVersion = 17.6.33815.320
MinimumVisualStudioVersion = 10.0.40219.1
Project("{9A19103F-16F7-4668-BE54-9A1E7A4F7556}") = "IceRpc.ProtocGen", "IceRpc.ProtocGen\IceRpc.ProtocGen.csproj", "{21809AD3-9EE4-44D0-ACA3-C288762A672C}"
EndProject
Project("{9A19103F-16F7-4668-BE54-9A1E7A4F7556}") = "IceRpc.Protobuf.Tools", "IceRpc.Protobuf.Tools\IceRpc.Protobuf.Tools.csproj", "{3A6E40BC-82D3-4FD0-A87E-B1EEDCA9CC1C}"
EndProject
Project("{9A19103F-16F7-4668-BE54-9A1E7A4F7556}") = "IceRpc.Slice.Tools", "IceRpc.Slice.Tools\IceRpc.Slice.Tools.csproj", "{5200BE11-0637-4C04-9F61-A93F213ADA03}"
EndProject
Project("{2150E333-8FDC-42A3-9474-1A3956D46DE8}") = "Common", "Common", "{10DD2834-E7D1-48ED-97C4-6F8807CF68CF}"
EndProject
Project("{FAE04EC0-301F-11D3-BF4B-00C04F79EFBC}") = "IceRpc.Telemetry.Internal", "Common\IceRpc.Telemetry.Internal\IceRpc.Telemetry.Internal.csproj", "{A4F12AA3-1B55-4698-970E-FCD5A3FE1322}"
EndProject
Global
	GlobalSection(SolutionConfigurationPlatforms) = preSolution
		Debug|Any CPU = Debug|Any CPU
		Release|Any CPU = Release|Any CPU
	EndGlobalSection
	GlobalSection(ProjectConfigurationPlatforms) = postSolution
		{21809AD3-9EE4-44D0-ACA3-C288762A672C}.Debug|Any CPU.ActiveCfg = Debug|Any CPU
		{21809AD3-9EE4-44D0-ACA3-C288762A672C}.Debug|Any CPU.Build.0 = Debug|Any CPU
		{21809AD3-9EE4-44D0-ACA3-C288762A672C}.Release|Any CPU.ActiveCfg = Release|Any CPU
		{21809AD3-9EE4-44D0-ACA3-C288762A672C}.Release|Any CPU.Build.0 = Release|Any CPU
		{3A6E40BC-82D3-4FD0-A87E-B1EEDCA9CC1C}.Debug|Any CPU.ActiveCfg = Debug|Any CPU
		{3A6E40BC-82D3-4FD0-A87E-B1EEDCA9CC1C}.Debug|Any CPU.Build.0 = Debug|Any CPU
		{3A6E40BC-82D3-4FD0-A87E-B1EEDCA9CC1C}.Release|Any CPU.ActiveCfg = Release|Any CPU
		{3A6E40BC-82D3-4FD0-A87E-B1EEDCA9CC1C}.Release|Any CPU.Build.0 = Release|Any CPU
		{5200BE11-0637-4C04-9F61-A93F213ADA03}.Debug|Any CPU.ActiveCfg = Debug|Any CPU
		{5200BE11-0637-4C04-9F61-A93F213ADA03}.Debug|Any CPU.Build.0 = Debug|Any CPU
		{5200BE11-0637-4C04-9F61-A93F213ADA03}.Release|Any CPU.ActiveCfg = Release|Any CPU
		{5200BE11-0637-4C04-9F61-A93F213ADA03}.Release|Any CPU.Build.0 = Release|Any CPU
		{A4F12AA3-1B55-4698-970E-FCD5A3FE1322}.Debug|Any CPU.ActiveCfg = Debug|Any CPU
		{A4F12AA3-1B55-4698-970E-FCD5A3FE1322}.Debug|Any CPU.Build.0 = Debug|Any CPU
		{A4F12AA3-1B55-4698-970E-FCD5A3FE1322}.Release|Any CPU.ActiveCfg = Release|Any CPU
		{A4F12AA3-1B55-4698-970E-FCD5A3FE1322}.Release|Any CPU.Build.0 = Release|Any CPU
		{DA7E44D6-807A-4704-A742-7AAEE23F67BA}.Debug|Any CPU.ActiveCfg = Debug|Any CPU
		{DA7E44D6-807A-4704-A742-7AAEE23F67BA}.Debug|Any CPU.Build.0 = Debug|Any CPU
		{DA7E44D6-807A-4704-A742-7AAEE23F67BA}.Release|Any CPU.ActiveCfg = Release|Any CPU
		{DA7E44D6-807A-4704-A742-7AAEE23F67BA}.Release|Any CPU.Build.0 = Release|Any CPU
	EndGlobalSection
	GlobalSection(SolutionProperties) = preSolution
		HideSolutionNode = FALSE
	EndGlobalSection
	GlobalSection(ExtensibilityGlobals) = postSolution
		SolutionGuid = {455CF8A9-EE81-41F6-8ED6-F526675E7539}
	EndGlobalSection
	GlobalSection(NestedProjects) = preSolution
		{A4F12AA3-1B55-4698-970E-FCD5A3FE1322} = {10DD2834-E7D1-48ED-97C4-6F8807CF68CF}
	EndGlobalSection
EndGlobal
