
Microsoft Visual Studio Solution File, Format Version 12.00
# Visual Studio Version 17
VisualStudioVersion = 17.4.33122.133
MinimumVisualStudioVersion = 10.0.40219.1
Project("{9A19103F-16F7-4668-BE54-9A1E7A4F7556}") = "Client", "Client\Client.csproj", "{CCB9DE7D-F3D9-451B-90E3-E38490DBEC19}"
EndProject
Project("{2150E333-8FDC-42A3-9474-1A3956D46DE8}") = "Solution Items", "Solution Items", "{BF2CC18F-BBD5-4F53-BF34-01BC1B4E0DAB}"
	ProjectSection(SolutionItems) = preProject
		README.md = README.md
	EndProjectSection
EndProject
Project("{9A19103F-16F7-4668-BE54-9A1E7A4F7556}") = "Server", "Server\Server.csproj", "{1E347375-F5ED-485A-B452-13ACAA0B6457}"
EndProject
Global
	GlobalSection(SolutionConfigurationPlatforms) = preSolution
		Debug|Any CPU = Debug|Any CPU
		Release|Any CPU = Release|Any CPU
	EndGlobalSection
	GlobalSection(ProjectConfigurationPlatforms) = postSolution
		{CCB9DE7D-F3D9-451B-90E3-E38490DBEC19}.Debug|Any CPU.ActiveCfg = Debug|Any CPU
		{CCB9DE7D-F3D9-451B-90E3-E38490DBEC19}.Debug|Any CPU.Build.0 = Debug|Any CPU
		{CCB9DE7D-F3D9-451B-90E3-E38490DBEC19}.Release|Any CPU.ActiveCfg = Release|Any CPU
		{CCB9DE7D-F3D9-451B-90E3-E38490DBEC19}.Release|Any CPU.Build.0 = Release|Any CPU
		{1E347375-F5ED-485A-B452-13ACAA0B6457}.Debug|Any CPU.ActiveCfg = Debug|Any CPU
		{1E347375-F5ED-485A-B452-13ACAA0B6457}.Debug|Any CPU.Build.0 = Debug|Any CPU
		{1E347375-F5ED-485A-B452-13ACAA0B6457}.Release|Any CPU.ActiveCfg = Release|Any CPU
		{1E347375-F5ED-485A-B452-13ACAA0B6457}.Release|Any CPU.Build.0 = Release|Any CPU
	EndGlobalSection
	GlobalSection(SolutionProperties) = preSolution
		HideSolutionNode = FALSE
	EndGlobalSection
	GlobalSection(ExtensibilityGlobals) = postSolution
		SolutionGuid = {259D698F-21C4-4103-914A-BB7371FE936A}
	EndGlobalSection
EndGlobal
